PODS:
  - MetricsReporter (1.0.0):
    - RudderKit (~> 1.2.0)
  - RudderKit (1.2.0)

DEPENDENCIES:
  - MetricsReporter (from `.`)
  - RudderKit (~> 1.2.0)

SPEC REPOS:
  https://github.com/CocoaPods/Specs.git:
    - RudderKit

EXTERNAL SOURCES:
  MetricsReporter:
    :path: "."

SPEC CHECKSUMS:
  MetricsReporter: 7877946858972125328f153cb7b6f2d2b02a9d46
  RudderKit: 423bc02659a9edd8afd62025e90f8ea48c3a6e01

PODFILE CHECKSUM: cb0c2c7740c1761fb05e2b2b8964e32969fdd894

COCOAPODS: 1.12.1
