// !$*UTF8*$!
{
	archiveVersion = 1;
	classes = {
	};
	objectVersion = 56;
	objects = {

/* Begin PBXBuildFile section */
		0B52D13758F51FBC42BEBD56 /* Pods_MetricsReporterTests_macOS.framework in Frameworks */ = {isa = PBXBuildFile; fileRef = DF3B450E972DB2B146AC7918 /* Pods_MetricsReporterTests_macOS.framework */; };
		1B03B56AE9624AE004F5DF0F /* Pods_MetricsReporterTests_watchOS.framework in Frameworks */ = {isa = PBXBuildFile; fileRef = 3193919FF4702F534A05DC2D /* Pods_MetricsReporterTests_watchOS.framework */; };
		1F25C4F3AEFE2E34A29260C8 /* Pods_MetricsReporter_iOS.framework in Frameworks */ = {isa = PBXBuildFile; fileRef = 2CEB5E101B903D9F9511DC37 /* Pods_MetricsReporter_iOS.framework */; };
		38E801FA0B8D0BA2C3B0483B /* Pods_MetricsReporter_tvOS.framework in Frameworks */ = {isa = PBXBuildFile; fileRef = 37E263B0724587AE013EF8A2 /* Pods_MetricsReporter_tvOS.framework */; };
		6A1AE4DD489B53CBB44EE734 /* Pods_MetricsReporter_macOS.framework in Frameworks */ = {isa = PBXBuildFile; fileRef = CC8551A162931D92636C42C1 /* Pods_MetricsReporter_macOS.framework */; };
		6AEC3BB5AE188E150DB99B85 /* Pods_MetricsReporterTests_iOS.framework in Frameworks */ = {isa = PBXBuildFile; fileRef = 4D2F747FACAB7C651EB33404 /* Pods_MetricsReporterTests_iOS.framework */; };
		8285F4A0D2ED4CB8659B3AF6 /* Pods_MetricsReporterTests_tvOS.framework in Frameworks */ = {isa = PBXBuildFile; fileRef = 3C555157A29F2F60510E2309 /* Pods_MetricsReporterTests_tvOS.framework */; };
		905B5BCD89930CA4925DF65D /* Pods_MetricsReporter_watchOS.framework in Frameworks */ = {isa = PBXBuildFile; fileRef = 3F802D9049892F17DF53A32D /* Pods_MetricsReporter_watchOS.framework */; };
		ED1A22752A5DB9F5007031FF /* Database.swift in Sources */ = {isa = PBXBuildFile; fileRef = ED74EF692A5D8B9B0075C583 /* Database.swift */; };
		ED1A22762A5DB9F5007031FF /* LabelOperator.swift in Sources */ = {isa = PBXBuildFile; fileRef = ED74EF682A5D8B9B0075C583 /* LabelOperator.swift */; };
		ED1A22772A5DB9F5007031FF /* MetricOperator.swift in Sources */ = {isa = PBXBuildFile; fileRef = ED74EF672A5D8B9B0075C583 /* MetricOperator.swift */; };
		ED1A22782A5DBA02007031FF /* MetricsClient.swift in Sources */ = {isa = PBXBuildFile; fileRef = ED74EF6F2A5D8B9B0075C583 /* MetricsClient.swift */; };
		ED1A22792A5DBA02007031FF /* API.swift in Sources */ = {isa = PBXBuildFile; fileRef = ED74EF6E2A5D8B9B0075C583 /* API.swift */; };
		ED1A227A2A5DBA02007031FF /* ServiceManager.swift in Sources */ = {isa = PBXBuildFile; fileRef = ED74EF6D2A5D8B9B0075C583 /* ServiceManager.swift */; };
		ED1A227B2A5DBA02007031FF /* ServiceType.swift in Sources */ = {isa = PBXBuildFile; fileRef = ED74EF6B2A5D8B9B0075C583 /* ServiceType.swift */; };
		ED1A227C2A5DBA02007031FF /* Metric.swift in Sources */ = {isa = PBXBuildFile; fileRef = ED74EF652A5D8B9B0075C583 /* Metric.swift */; };
		ED1A227F2A5DC34D007031FF /* Configuration.swift in Sources */ = {isa = PBXBuildFile; fileRef = ED1A227E2A5DC34D007031FF /* Configuration.swift */; };
		ED9225FB2A5E7B1900734372 /* MetricsUploader.swift in Sources */ = {isa = PBXBuildFile; fileRef = ED9225FA2A5E7B1900734372 /* MetricsUploader.swift */; };
		ED9226062A65172E00734372 /* ObjCConfiguration.swift in Sources */ = {isa = PBXBuildFile; fileRef = ED9226052A65172E00734372 /* ObjCConfiguration.swift */; };
		ED92260C2A65313B00734372 /* MetricsClient.swift in Sources */ = {isa = PBXBuildFile; fileRef = ED74EF6F2A5D8B9B0075C583 /* MetricsClient.swift */; };
		ED92260D2A65313B00734372 /* MetricOperator.swift in Sources */ = {isa = PBXBuildFile; fileRef = ED74EF672A5D8B9B0075C583 /* MetricOperator.swift */; };
		ED92260E2A65313B00734372 /* LabelOperator.swift in Sources */ = {isa = PBXBuildFile; fileRef = ED74EF682A5D8B9B0075C583 /* LabelOperator.swift */; };
		ED92260F2A65313B00734372 /* ObjCConfiguration.swift in Sources */ = {isa = PBXBuildFile; fileRef = ED9226052A65172E00734372 /* ObjCConfiguration.swift */; };
		ED9226102A65313B00734372 /* MetricsUploader.swift in Sources */ = {isa = PBXBuildFile; fileRef = ED9225FA2A5E7B1900734372 /* MetricsUploader.swift */; };
		ED9226112A65313B00734372 /* Configuration.swift in Sources */ = {isa = PBXBuildFile; fileRef = ED1A227E2A5DC34D007031FF /* Configuration.swift */; };
		ED9226122A65313B00734372 /* Metric.swift in Sources */ = {isa = PBXBuildFile; fileRef = ED74EF652A5D8B9B0075C583 /* Metric.swift */; };
		ED9226132A65313B00734372 /* Database.swift in Sources */ = {isa = PBXBuildFile; fileRef = ED74EF692A5D8B9B0075C583 /* Database.swift */; };
		ED9226142A65313B00734372 /* API.swift in Sources */ = {isa = PBXBuildFile; fileRef = ED74EF6E2A5D8B9B0075C583 /* API.swift */; };
		ED9226152A65313B00734372 /* ServiceManager.swift in Sources */ = {isa = PBXBuildFile; fileRef = ED74EF6D2A5D8B9B0075C583 /* ServiceManager.swift */; };
		ED9226162A65313B00734372 /* ServiceType.swift in Sources */ = {isa = PBXBuildFile; fileRef = ED74EF6B2A5D8B9B0075C583 /* ServiceType.swift */; };
		ED9226232A65316400734372 /* MetricsClient.swift in Sources */ = {isa = PBXBuildFile; fileRef = ED74EF6F2A5D8B9B0075C583 /* MetricsClient.swift */; };
		ED9226242A65316400734372 /* MetricOperator.swift in Sources */ = {isa = PBXBuildFile; fileRef = ED74EF672A5D8B9B0075C583 /* MetricOperator.swift */; };
		ED9226252A65316400734372 /* LabelOperator.swift in Sources */ = {isa = PBXBuildFile; fileRef = ED74EF682A5D8B9B0075C583 /* LabelOperator.swift */; };
		ED9226262A65316400734372 /* ObjCConfiguration.swift in Sources */ = {isa = PBXBuildFile; fileRef = ED9226052A65172E00734372 /* ObjCConfiguration.swift */; };
		ED9226272A65316400734372 /* MetricsUploader.swift in Sources */ = {isa = PBXBuildFile; fileRef = ED9225FA2A5E7B1900734372 /* MetricsUploader.swift */; };
		ED9226282A65316400734372 /* Configuration.swift in Sources */ = {isa = PBXBuildFile; fileRef = ED1A227E2A5DC34D007031FF /* Configuration.swift */; };
		ED9226292A65316400734372 /* Metric.swift in Sources */ = {isa = PBXBuildFile; fileRef = ED74EF652A5D8B9B0075C583 /* Metric.swift */; };
		ED92262A2A65316400734372 /* Database.swift in Sources */ = {isa = PBXBuildFile; fileRef = ED74EF692A5D8B9B0075C583 /* Database.swift */; };
		ED92262B2A65316400734372 /* API.swift in Sources */ = {isa = PBXBuildFile; fileRef = ED74EF6E2A5D8B9B0075C583 /* API.swift */; };
		ED92262C2A65316400734372 /* ServiceManager.swift in Sources */ = {isa = PBXBuildFile; fileRef = ED74EF6D2A5D8B9B0075C583 /* ServiceManager.swift */; };
		ED92262D2A65316400734372 /* ServiceType.swift in Sources */ = {isa = PBXBuildFile; fileRef = ED74EF6B2A5D8B9B0075C583 /* ServiceType.swift */; };
		ED92263A2A65317B00734372 /* MetricsClient.swift in Sources */ = {isa = PBXBuildFile; fileRef = ED74EF6F2A5D8B9B0075C583 /* MetricsClient.swift */; };
		ED92263B2A65317B00734372 /* MetricOperator.swift in Sources */ = {isa = PBXBuildFile; fileRef = ED74EF672A5D8B9B0075C583 /* MetricOperator.swift */; };
		ED92263C2A65317B00734372 /* LabelOperator.swift in Sources */ = {isa = PBXBuildFile; fileRef = ED74EF682A5D8B9B0075C583 /* LabelOperator.swift */; };
		ED92263D2A65317B00734372 /* ObjCConfiguration.swift in Sources */ = {isa = PBXBuildFile; fileRef = ED9226052A65172E00734372 /* ObjCConfiguration.swift */; };
		ED92263E2A65317B00734372 /* MetricsUploader.swift in Sources */ = {isa = PBXBuildFile; fileRef = ED9225FA2A5E7B1900734372 /* MetricsUploader.swift */; };
		ED92263F2A65317B00734372 /* Configuration.swift in Sources */ = {isa = PBXBuildFile; fileRef = ED1A227E2A5DC34D007031FF /* Configuration.swift */; };
		ED9226402A65317B00734372 /* Metric.swift in Sources */ = {isa = PBXBuildFile; fileRef = ED74EF652A5D8B9B0075C583 /* Metric.swift */; };
		ED9226412A65317B00734372 /* Database.swift in Sources */ = {isa = PBXBuildFile; fileRef = ED74EF692A5D8B9B0075C583 /* Database.swift */; };
		ED9226422A65317B00734372 /* API.swift in Sources */ = {isa = PBXBuildFile; fileRef = ED74EF6E2A5D8B9B0075C583 /* API.swift */; };
		ED9226432A65317B00734372 /* ServiceManager.swift in Sources */ = {isa = PBXBuildFile; fileRef = ED74EF6D2A5D8B9B0075C583 /* ServiceManager.swift */; };
		ED9226442A65317B00734372 /* ServiceType.swift in Sources */ = {isa = PBXBuildFile; fileRef = ED74EF6B2A5D8B9B0075C583 /* ServiceType.swift */; };
		ED9226932A65460400734372 /* MetricsReporteriOS.h in Headers */ = {isa = PBXBuildFile; fileRef = ED92268F2A6545D500734372 /* MetricsReporteriOS.h */; settings = {ATTRIBUTES = (Public, ); }; };
		ED9226952A65465B00734372 /* MetricsReportermacOS.h in Headers */ = {isa = PBXBuildFile; fileRef = ED9226942A65465B00734372 /* MetricsReportermacOS.h */; settings = {ATTRIBUTES = (Public, ); }; };
		ED9226972A65468D00734372 /* MetricsReportertvOS.h in Headers */ = {isa = PBXBuildFile; fileRef = ED9226962A65468D00734372 /* MetricsReportertvOS.h */; settings = {ATTRIBUTES = (Public, ); }; };
		ED9226992A65469300734372 /* MetricsReporterwatchOS.h in Headers */ = {isa = PBXBuildFile; fileRef = ED9226982A65469300734372 /* MetricsReporterwatchOS.h */; settings = {ATTRIBUTES = (Public, ); }; };
		EDEDB5CC2A6578B1005C670A /* MetricsReporter_watchOS.framework in Frameworks */ = {isa = PBXBuildFile; fileRef = ED9226342A65316400734372 /* MetricsReporter_watchOS.framework */; };
		EDEDB5D32A6578C7005C670A /* DatabaseTests.swift in Sources */ = {isa = PBXBuildFile; fileRef = ED74EF812A5D9D7C0075C583 /* DatabaseTests.swift */; };
		EDEDB5D42A6578C7005C670A /* MockURLProtocol.swift in Sources */ = {isa = PBXBuildFile; fileRef = ED74EF7F2A5D9D7C0075C583 /* MockURLProtocol.swift */; };
		EDEDB5D52A6578C7005C670A /* MetricOperatorTests.swift in Sources */ = {isa = PBXBuildFile; fileRef = ED9226022A61401900734372 /* MetricOperatorTests.swift */; };
		EDEDB5D62A6578C7005C670A /* ModelTests.swift in Sources */ = {isa = PBXBuildFile; fileRef = ED74EF832A5D9D7C0075C583 /* ModelTests.swift */; };
		EDEDB5D72A6578C7005C670A /* LabelOperatorTests.swift in Sources */ = {isa = PBXBuildFile; fileRef = ED9226002A613F5C00734372 /* LabelOperatorTests.swift */; };
		EDEDB5D82A6578C7005C670A /* ServiceManagerTests.swift in Sources */ = {isa = PBXBuildFile; fileRef = ED74EF802A5D9D7C0075C583 /* ServiceManagerTests.swift */; };
		EDEDB5D92A6578C7005C670A /* MetricsUploaderTests.swift in Sources */ = {isa = PBXBuildFile; fileRef = ED9225FE2A5FC17A00734372 /* MetricsUploaderTests.swift */; };
		EDEDB5E22A6579CF005C670A /* MetricsReporter_tvOS.framework in Frameworks */ = {isa = PBXBuildFile; fileRef = ED92261D2A65313B00734372 /* MetricsReporter_tvOS.framework */; };
		EDEDB5F02A6579F6005C670A /* MetricsReporter_macOS.framework in Frameworks */ = {isa = PBXBuildFile; fileRef = ED92264B2A65317B00734372 /* MetricsReporter_macOS.framework */; };
		EDEDB6042A657CA8005C670A /* LabelOperatorTests.swift in Sources */ = {isa = PBXBuildFile; fileRef = ED9226002A613F5C00734372 /* LabelOperatorTests.swift */; };
		EDEDB6062A657CA8005C670A /* ModelTests.swift in Sources */ = {isa = PBXBuildFile; fileRef = ED74EF832A5D9D7C0075C583 /* ModelTests.swift */; };
		EDEDB6072A657CA8005C670A /* ServiceManagerTests.swift in Sources */ = {isa = PBXBuildFile; fileRef = ED74EF802A5D9D7C0075C583 /* ServiceManagerTests.swift */; };
		EDEDB6082A657CA8005C670A /* MetricOperatorTests.swift in Sources */ = {isa = PBXBuildFile; fileRef = ED9226022A61401900734372 /* MetricOperatorTests.swift */; };
		EDEDB6092A657CA8005C670A /* DatabaseTests.swift in Sources */ = {isa = PBXBuildFile; fileRef = ED74EF812A5D9D7C0075C583 /* DatabaseTests.swift */; };
		EDEDB60A2A657CA8005C670A /* MetricsUploaderTests.swift in Sources */ = {isa = PBXBuildFile; fileRef = ED9225FE2A5FC17A00734372 /* MetricsUploaderTests.swift */; };
		EDEDB60B2A657CA8005C670A /* MockURLProtocol.swift in Sources */ = {isa = PBXBuildFile; fileRef = ED74EF7F2A5D9D7C0075C583 /* MockURLProtocol.swift */; };
		EDEDB60C2A657CA9005C670A /* LabelOperatorTests.swift in Sources */ = {isa = PBXBuildFile; fileRef = ED9226002A613F5C00734372 /* LabelOperatorTests.swift */; };
		EDEDB60E2A657CA9005C670A /* ModelTests.swift in Sources */ = {isa = PBXBuildFile; fileRef = ED74EF832A5D9D7C0075C583 /* ModelTests.swift */; };
		EDEDB60F2A657CA9005C670A /* ServiceManagerTests.swift in Sources */ = {isa = PBXBuildFile; fileRef = ED74EF802A5D9D7C0075C583 /* ServiceManagerTests.swift */; };
		EDEDB6102A657CA9005C670A /* MetricOperatorTests.swift in Sources */ = {isa = PBXBuildFile; fileRef = ED9226022A61401900734372 /* MetricOperatorTests.swift */; };
		EDEDB6112A657CA9005C670A /* DatabaseTests.swift in Sources */ = {isa = PBXBuildFile; fileRef = ED74EF812A5D9D7C0075C583 /* DatabaseTests.swift */; };
		EDEDB6122A657CA9005C670A /* MetricsUploaderTests.swift in Sources */ = {isa = PBXBuildFile; fileRef = ED9225FE2A5FC17A00734372 /* MetricsUploaderTests.swift */; };
		EDEDB6132A657CA9005C670A /* MockURLProtocol.swift in Sources */ = {isa = PBXBuildFile; fileRef = ED74EF7F2A5D9D7C0075C583 /* MockURLProtocol.swift */; };
		EDEDB6152A659F4E005C670A /* ObjCMetricsClient.swift in Sources */ = {isa = PBXBuildFile; fileRef = EDEDB6142A659F4E005C670A /* ObjCMetricsClient.swift */; };
		EDEDB6162A659F4E005C670A /* ObjCMetricsClient.swift in Sources */ = {isa = PBXBuildFile; fileRef = EDEDB6142A659F4E005C670A /* ObjCMetricsClient.swift */; };
		EDEDB6172A659F4E005C670A /* ObjCMetricsClient.swift in Sources */ = {isa = PBXBuildFile; fileRef = EDEDB6142A659F4E005C670A /* ObjCMetricsClient.swift */; };
		EDEDB6182A659F4E005C670A /* ObjCMetricsClient.swift in Sources */ = {isa = PBXBuildFile; fileRef = EDEDB6142A659F4E005C670A /* ObjCMetricsClient.swift */; };
		EDEDB61A2A659FF5005C670A /* ObjCMetric.swift in Sources */ = {isa = PBXBuildFile; fileRef = EDEDB6192A659FF5005C670A /* ObjCMetric.swift */; };
		EDEDB61B2A659FF5005C670A /* ObjCMetric.swift in Sources */ = {isa = PBXBuildFile; fileRef = EDEDB6192A659FF5005C670A /* ObjCMetric.swift */; };
		EDEDB61C2A659FF5005C670A /* ObjCMetric.swift in Sources */ = {isa = PBXBuildFile; fileRef = EDEDB6192A659FF5005C670A /* ObjCMetric.swift */; };
		EDEDB61D2A659FF5005C670A /* ObjCMetric.swift in Sources */ = {isa = PBXBuildFile; fileRef = EDEDB6192A659FF5005C670A /* ObjCMetric.swift */; };
		EDEDB6262A66523F005C670A /* MetricsReporter_iOS.framework in Frameworks */ = {isa = PBXBuildFile; fileRef = ED74EF442A5D8AE70075C583 /* MetricsReporter_iOS.framework */; };
		EDEDB62D2A666C9F005C670A /* ObjCTests.swift in Sources */ = {isa = PBXBuildFile; fileRef = EDEDB62C2A666C9F005C670A /* ObjCTests.swift */; };
		EDEDB62E2A666C9F005C670A /* ObjCTests.swift in Sources */ = {isa = PBXBuildFile; fileRef = EDEDB62C2A666C9F005C670A /* ObjCTests.swift */; };
		EDEDB62F2A666C9F005C670A /* ObjCTests.swift in Sources */ = {isa = PBXBuildFile; fileRef = EDEDB62C2A666C9F005C670A /* ObjCTests.swift */; };
		EDEDB6302A666C9F005C670A /* ObjCTests.swift in Sources */ = {isa = PBXBuildFile; fileRef = EDEDB62C2A666C9F005C670A /* ObjCTests.swift */; };
/* End PBXBuildFile section */

/* Begin PBXContainerItemProxy section */
		EDEDB5CD2A6578B1005C670A /* PBXContainerItemProxy */ = {
			isa = PBXContainerItemProxy;
			containerPortal = ED74EF3B2A5D8AE70075C583 /* Project object */;
			proxyType = 1;
			remoteGlobalIDString = ED92261E2A65316400734372;
			remoteInfo = "MetricsReporter-watchOS";
		};
		EDEDB5E32A6579CF005C670A /* PBXContainerItemProxy */ = {
			isa = PBXContainerItemProxy;
			containerPortal = ED74EF3B2A5D8AE70075C583 /* Project object */;
			proxyType = 1;
			remoteGlobalIDString = ED9226072A65313B00734372;
			remoteInfo = "MetricsReporter-tvOS";
		};
		EDEDB5F12A6579F6005C670A /* PBXContainerItemProxy */ = {
			isa = PBXContainerItemProxy;
			containerPortal = ED74EF3B2A5D8AE70075C583 /* Project object */;
			proxyType = 1;
			remoteGlobalIDString = ED9226352A65317B00734372;
			remoteInfo = "MetricsReporter-macOS";
		};
		EDEDB6272A66523F005C670A /* PBXContainerItemProxy */ = {
			isa = PBXContainerItemProxy;
			containerPortal = ED74EF3B2A5D8AE70075C583 /* Project object */;
			proxyType = 1;
			remoteGlobalIDString = ED74EF432A5D8AE70075C583;
			remoteInfo = "MetricsReporter-iOS";
		};
/* End PBXContainerItemProxy section */

/* Begin PBXFileReference section */
		04B80CC89137692A23D2A3AE /* Pods-MetricsReporter-tvOS.release.xcconfig */ = {isa = PBXFileReference; includeInIndex = 1; lastKnownFileType = text.xcconfig; name = "Pods-MetricsReporter-tvOS.release.xcconfig"; path = "Target Support Files/Pods-MetricsReporter-tvOS/Pods-MetricsReporter-tvOS.release.xcconfig"; sourceTree = "<group>"; };
		0F7B90A3E84FCC6CD1611FEF /* Pods-MetricsReporterTests-tvOS.release.xcconfig */ = {isa = PBXFileReference; includeInIndex = 1; lastKnownFileType = text.xcconfig; name = "Pods-MetricsReporterTests-tvOS.release.xcconfig"; path = "Target Support Files/Pods-MetricsReporterTests-tvOS/Pods-MetricsReporterTests-tvOS.release.xcconfig"; sourceTree = "<group>"; };
		18854D1A0F16D83D6D35F7BD /* Pods-MetricsReporterTests-watchOS.release.xcconfig */ = {isa = PBXFileReference; includeInIndex = 1; lastKnownFileType = text.xcconfig; name = "Pods-MetricsReporterTests-watchOS.release.xcconfig"; path = "Target Support Files/Pods-MetricsReporterTests-watchOS/Pods-MetricsReporterTests-watchOS.release.xcconfig"; sourceTree = "<group>"; };
		27050CE68E2A3E416087223F /* Pods-MetricsReporter-watchOS.debug.xcconfig */ = {isa = PBXFileReference; includeInIndex = 1; lastKnownFileType = text.xcconfig; name = "Pods-MetricsReporter-watchOS.debug.xcconfig"; path = "Target Support Files/Pods-MetricsReporter-watchOS/Pods-MetricsReporter-watchOS.debug.xcconfig"; sourceTree = "<group>"; };
		2CEB5E101B903D9F9511DC37 /* Pods_MetricsReporter_iOS.framework */ = {isa = PBXFileReference; explicitFileType = wrapper.framework; includeInIndex = 0; path = Pods_MetricsReporter_iOS.framework; sourceTree = BUILT_PRODUCTS_DIR; };
		3193919FF4702F534A05DC2D /* Pods_MetricsReporterTests_watchOS.framework */ = {isa = PBXFileReference; explicitFileType = wrapper.framework; includeInIndex = 0; path = Pods_MetricsReporterTests_watchOS.framework; sourceTree = BUILT_PRODUCTS_DIR; };
		37E263B0724587AE013EF8A2 /* Pods_MetricsReporter_tvOS.framework */ = {isa = PBXFileReference; explicitFileType = wrapper.framework; includeInIndex = 0; path = Pods_MetricsReporter_tvOS.framework; sourceTree = BUILT_PRODUCTS_DIR; };
		3C555157A29F2F60510E2309 /* Pods_MetricsReporterTests_tvOS.framework */ = {isa = PBXFileReference; explicitFileType = wrapper.framework; includeInIndex = 0; path = Pods_MetricsReporterTests_tvOS.framework; sourceTree = BUILT_PRODUCTS_DIR; };
		3C5984406A72FB13647548EF /* Pods-MetricsReporterTests-watchOS.debug.xcconfig */ = {isa = PBXFileReference; includeInIndex = 1; lastKnownFileType = text.xcconfig; name = "Pods-MetricsReporterTests-watchOS.debug.xcconfig"; path = "Target Support Files/Pods-MetricsReporterTests-watchOS/Pods-MetricsReporterTests-watchOS.debug.xcconfig"; sourceTree = "<group>"; };
		3F802D9049892F17DF53A32D /* Pods_MetricsReporter_watchOS.framework */ = {isa = PBXFileReference; explicitFileType = wrapper.framework; includeInIndex = 0; path = Pods_MetricsReporter_watchOS.framework; sourceTree = BUILT_PRODUCTS_DIR; };
		4D2F747FACAB7C651EB33404 /* Pods_MetricsReporterTests_iOS.framework */ = {isa = PBXFileReference; explicitFileType = wrapper.framework; includeInIndex = 0; path = Pods_MetricsReporterTests_iOS.framework; sourceTree = BUILT_PRODUCTS_DIR; };
		4F6D896AB798876A83A20901 /* Pods-MetricsReporter-macOS.release.xcconfig */ = {isa = PBXFileReference; includeInIndex = 1; lastKnownFileType = text.xcconfig; name = "Pods-MetricsReporter-macOS.release.xcconfig"; path = "Target Support Files/Pods-MetricsReporter-macOS/Pods-MetricsReporter-macOS.release.xcconfig"; sourceTree = "<group>"; };
		5AF92FBA9F461E225F64E70F /* Pods-MetricsReporterTests-tvOS.debug.xcconfig */ = {isa = PBXFileReference; includeInIndex = 1; lastKnownFileType = text.xcconfig; name = "Pods-MetricsReporterTests-tvOS.debug.xcconfig"; path = "Target Support Files/Pods-MetricsReporterTests-tvOS/Pods-MetricsReporterTests-tvOS.debug.xcconfig"; sourceTree = "<group>"; };
		698D95BDFC68B78B7F9E66FA /* Pods-MetricsReporterTests-macOS.release.xcconfig */ = {isa = PBXFileReference; includeInIndex = 1; lastKnownFileType = text.xcconfig; name = "Pods-MetricsReporterTests-macOS.release.xcconfig"; path = "Target Support Files/Pods-MetricsReporterTests-macOS/Pods-MetricsReporterTests-macOS.release.xcconfig"; sourceTree = "<group>"; };
		6EA6BF59F7BDF83A3467BBD7 /* Pods-MetricsReporterTests-iOS.release.xcconfig */ = {isa = PBXFileReference; includeInIndex = 1; lastKnownFileType = text.xcconfig; name = "Pods-MetricsReporterTests-iOS.release.xcconfig"; path = "Target Support Files/Pods-MetricsReporterTests-iOS/Pods-MetricsReporterTests-iOS.release.xcconfig"; sourceTree = "<group>"; };
		A13025875389B6CB21352C2D /* Pods-MetricsReporterTests-iOS.debug.xcconfig */ = {isa = PBXFileReference; includeInIndex = 1; lastKnownFileType = text.xcconfig; name = "Pods-MetricsReporterTests-iOS.debug.xcconfig"; path = "Target Support Files/Pods-MetricsReporterTests-iOS/Pods-MetricsReporterTests-iOS.debug.xcconfig"; sourceTree = "<group>"; };
		CA511DA26A2FE6C809AEB52B /* Pods-MetricsReporterTests-macOS.debug.xcconfig */ = {isa = PBXFileReference; includeInIndex = 1; lastKnownFileType = text.xcconfig; name = "Pods-MetricsReporterTests-macOS.debug.xcconfig"; path = "Target Support Files/Pods-MetricsReporterTests-macOS/Pods-MetricsReporterTests-macOS.debug.xcconfig"; sourceTree = "<group>"; };
		CC8551A162931D92636C42C1 /* Pods_MetricsReporter_macOS.framework */ = {isa = PBXFileReference; explicitFileType = wrapper.framework; includeInIndex = 0; path = Pods_MetricsReporter_macOS.framework; sourceTree = BUILT_PRODUCTS_DIR; };
		CF921537B754B1737964C539 /* Pods-MetricsReporter-watchOS.release.xcconfig */ = {isa = PBXFileReference; includeInIndex = 1; lastKnownFileType = text.xcconfig; name = "Pods-MetricsReporter-watchOS.release.xcconfig"; path = "Target Support Files/Pods-MetricsReporter-watchOS/Pods-MetricsReporter-watchOS.release.xcconfig"; sourceTree = "<group>"; };
		D41DF0586EE80EB2561677EB /* Pods-MetricsReporter-iOS.debug.xcconfig */ = {isa = PBXFileReference; includeInIndex = 1; lastKnownFileType = text.xcconfig; name = "Pods-MetricsReporter-iOS.debug.xcconfig"; path = "Target Support Files/Pods-MetricsReporter-iOS/Pods-MetricsReporter-iOS.debug.xcconfig"; sourceTree = "<group>"; };
		D56B94520E8A85470FE619A7 /* Pods-MetricsReporter-iOS.release.xcconfig */ = {isa = PBXFileReference; includeInIndex = 1; lastKnownFileType = text.xcconfig; name = "Pods-MetricsReporter-iOS.release.xcconfig"; path = "Target Support Files/Pods-MetricsReporter-iOS/Pods-MetricsReporter-iOS.release.xcconfig"; sourceTree = "<group>"; };
		DF3B450E972DB2B146AC7918 /* Pods_MetricsReporterTests_macOS.framework */ = {isa = PBXFileReference; explicitFileType = wrapper.framework; includeInIndex = 0; path = Pods_MetricsReporterTests_macOS.framework; sourceTree = BUILT_PRODUCTS_DIR; };
		E9E6085A404B4EABACF9C653 /* Pods-MetricsReporter-tvOS.debug.xcconfig */ = {isa = PBXFileReference; includeInIndex = 1; lastKnownFileType = text.xcconfig; name = "Pods-MetricsReporter-tvOS.debug.xcconfig"; path = "Target Support Files/Pods-MetricsReporter-tvOS/Pods-MetricsReporter-tvOS.debug.xcconfig"; sourceTree = "<group>"; };
		ED1A226A2A5DA23B007031FF /* deploy-cocoapods.yml */ = {isa = PBXFileReference; lastKnownFileType = text.yaml; path = "deploy-cocoapods.yml"; sourceTree = "<group>"; };
		ED1A226B2A5DA23B007031FF /* notion-pr-sync.yml */ = {isa = PBXFileReference; lastKnownFileType = text.yaml; path = "notion-pr-sync.yml"; sourceTree = "<group>"; };
		ED1A226C2A5DA23B007031FF /* draft-new-beta-release.yml */ = {isa = PBXFileReference; lastKnownFileType = text.yaml; path = "draft-new-beta-release.yml"; sourceTree = "<group>"; };
		ED1A226D2A5DA23B007031FF /* check-pr-title.yml */ = {isa = PBXFileReference; lastKnownFileType = text.yaml; path = "check-pr-title.yml"; sourceTree = "<group>"; };
		ED1A226E2A5DA23B007031FF /* create-hotfix-branch.yml */ = {isa = PBXFileReference; lastKnownFileType = text.yaml; path = "create-hotfix-branch.yml"; sourceTree = "<group>"; };
		ED1A226F2A5DA23B007031FF /* publish-new-release.yml */ = {isa = PBXFileReference; lastKnownFileType = text.yaml; path = "publish-new-release.yml"; sourceTree = "<group>"; };
		ED1A22702A5DA23B007031FF /* test.yml */ = {isa = PBXFileReference; lastKnownFileType = text.yaml; path = test.yml; sourceTree = "<group>"; };
		ED1A22712A5DA23B007031FF /* deploy-cocoapods-manual.yml */ = {isa = PBXFileReference; lastKnownFileType = text.yaml; path = "deploy-cocoapods-manual.yml"; sourceTree = "<group>"; };
		ED1A22722A5DA23B007031FF /* slack-notify.yml */ = {isa = PBXFileReference; lastKnownFileType = text.yaml; path = "slack-notify.yml"; sourceTree = "<group>"; };
		ED1A22732A5DA23B007031FF /* build-and-quality-checks.yml */ = {isa = PBXFileReference; lastKnownFileType = text.yaml; path = "build-and-quality-checks.yml"; sourceTree = "<group>"; };
		ED1A22742A5DA23B007031FF /* draft-new-release.yml */ = {isa = PBXFileReference; lastKnownFileType = text.yaml; path = "draft-new-release.yml"; sourceTree = "<group>"; };
		ED1A227D2A5DBE1D007031FF /* MetricsReporter-iOS.xctestplan */ = {isa = PBXFileReference; lastKnownFileType = text; path = "MetricsReporter-iOS.xctestplan"; sourceTree = "<group>"; };
		ED1A227E2A5DC34D007031FF /* Configuration.swift */ = {isa = PBXFileReference; lastKnownFileType = sourcecode.swift; path = Configuration.swift; sourceTree = "<group>"; };
		ED74EF442A5D8AE70075C583 /* MetricsReporter_iOS.framework */ = {isa = PBXFileReference; explicitFileType = wrapper.framework; includeInIndex = 0; path = MetricsReporter_iOS.framework; sourceTree = BUILT_PRODUCTS_DIR; };
		ED74EF652A5D8B9B0075C583 /* Metric.swift */ = {isa = PBXFileReference; fileEncoding = 4; lastKnownFileType = sourcecode.swift; path = Metric.swift; sourceTree = "<group>"; };
		ED74EF672A5D8B9B0075C583 /* MetricOperator.swift */ = {isa = PBXFileReference; fileEncoding = 4; lastKnownFileType = sourcecode.swift; path = MetricOperator.swift; sourceTree = "<group>"; };
		ED74EF682A5D8B9B0075C583 /* LabelOperator.swift */ = {isa = PBXFileReference; fileEncoding = 4; lastKnownFileType = sourcecode.swift; path = LabelOperator.swift; sourceTree = "<group>"; };
		ED74EF692A5D8B9B0075C583 /* Database.swift */ = {isa = PBXFileReference; fileEncoding = 4; lastKnownFileType = sourcecode.swift; path = Database.swift; sourceTree = "<group>"; };
		ED74EF6B2A5D8B9B0075C583 /* ServiceType.swift */ = {isa = PBXFileReference; fileEncoding = 4; lastKnownFileType = sourcecode.swift; path = ServiceType.swift; sourceTree = "<group>"; };
		ED74EF6D2A5D8B9B0075C583 /* ServiceManager.swift */ = {isa = PBXFileReference; fileEncoding = 4; lastKnownFileType = sourcecode.swift; path = ServiceManager.swift; sourceTree = "<group>"; };
		ED74EF6E2A5D8B9B0075C583 /* API.swift */ = {isa = PBXFileReference; fileEncoding = 4; lastKnownFileType = sourcecode.swift; path = API.swift; sourceTree = "<group>"; };
		ED74EF6F2A5D8B9B0075C583 /* MetricsClient.swift */ = {isa = PBXFileReference; fileEncoding = 4; lastKnownFileType = sourcecode.swift; path = MetricsClient.swift; sourceTree = "<group>"; };
		ED74EF792A5D94090075C583 /* Podfile */ = {isa = PBXFileReference; fileEncoding = 4; lastKnownFileType = text; path = Podfile; sourceTree = "<group>"; xcLanguageSpecificationIdentifier = xcode.lang.ruby; };
		ED74EF7A2A5D94090075C583 /* MetricsReporter.podspec */ = {isa = PBXFileReference; fileEncoding = 4; lastKnownFileType = text; path = MetricsReporter.podspec; sourceTree = "<group>"; xcLanguageSpecificationIdentifier = xcode.lang.ruby; };
		ED74EF7B2A5D94090075C583 /* Package.swift */ = {isa = PBXFileReference; fileEncoding = 4; lastKnownFileType = sourcecode.swift; path = Package.swift; sourceTree = "<group>"; };
		ED74EF7F2A5D9D7C0075C583 /* MockURLProtocol.swift */ = {isa = PBXFileReference; fileEncoding = 4; lastKnownFileType = sourcecode.swift; path = MockURLProtocol.swift; sourceTree = "<group>"; };
		ED74EF802A5D9D7C0075C583 /* ServiceManagerTests.swift */ = {isa = PBXFileReference; fileEncoding = 4; lastKnownFileType = sourcecode.swift; path = ServiceManagerTests.swift; sourceTree = "<group>"; };
		ED74EF812A5D9D7C0075C583 /* DatabaseTests.swift */ = {isa = PBXFileReference; fileEncoding = 4; lastKnownFileType = sourcecode.swift; path = DatabaseTests.swift; sourceTree = "<group>"; };
		ED74EF832A5D9D7C0075C583 /* ModelTests.swift */ = {isa = PBXFileReference; fileEncoding = 4; lastKnownFileType = sourcecode.swift; path = ModelTests.swift; sourceTree = "<group>"; };
		ED9225FA2A5E7B1900734372 /* MetricsUploader.swift */ = {isa = PBXFileReference; lastKnownFileType = sourcecode.swift; path = MetricsUploader.swift; sourceTree = "<group>"; };
		ED9225FE2A5FC17A00734372 /* MetricsUploaderTests.swift */ = {isa = PBXFileReference; lastKnownFileType = sourcecode.swift; path = MetricsUploaderTests.swift; sourceTree = "<group>"; };
		ED9226002A613F5C00734372 /* LabelOperatorTests.swift */ = {isa = PBXFileReference; lastKnownFileType = sourcecode.swift; path = LabelOperatorTests.swift; sourceTree = "<group>"; };
		ED9226022A61401900734372 /* MetricOperatorTests.swift */ = {isa = PBXFileReference; lastKnownFileType = sourcecode.swift; path = MetricOperatorTests.swift; sourceTree = "<group>"; };
		ED9226052A65172E00734372 /* ObjCConfiguration.swift */ = {isa = PBXFileReference; lastKnownFileType = sourcecode.swift; path = ObjCConfiguration.swift; sourceTree = "<group>"; };
		ED92261D2A65313B00734372 /* MetricsReporter_tvOS.framework */ = {isa = PBXFileReference; explicitFileType = wrapper.framework; includeInIndex = 0; path = MetricsReporter_tvOS.framework; sourceTree = BUILT_PRODUCTS_DIR; };
		ED9226342A65316400734372 /* MetricsReporter_watchOS.framework */ = {isa = PBXFileReference; explicitFileType = wrapper.framework; includeInIndex = 0; path = MetricsReporter_watchOS.framework; sourceTree = BUILT_PRODUCTS_DIR; };
		ED92264B2A65317B00734372 /* MetricsReporter_macOS.framework */ = {isa = PBXFileReference; explicitFileType = wrapper.framework; includeInIndex = 0; path = MetricsReporter_macOS.framework; sourceTree = BUILT_PRODUCTS_DIR; };
		ED92268F2A6545D500734372 /* MetricsReporteriOS.h */ = {isa = PBXFileReference; lastKnownFileType = sourcecode.c.h; path = MetricsReporteriOS.h; sourceTree = "<group>"; };
		ED9226942A65465B00734372 /* MetricsReportermacOS.h */ = {isa = PBXFileReference; fileEncoding = 4; lastKnownFileType = sourcecode.c.h; path = MetricsReportermacOS.h; sourceTree = "<group>"; };
		ED9226962A65468D00734372 /* MetricsReportertvOS.h */ = {isa = PBXFileReference; fileEncoding = 4; lastKnownFileType = sourcecode.c.h; path = MetricsReportertvOS.h; sourceTree = "<group>"; };
		ED9226982A65469300734372 /* MetricsReporterwatchOS.h */ = {isa = PBXFileReference; fileEncoding = 4; lastKnownFileType = sourcecode.c.h; path = MetricsReporterwatchOS.h; sourceTree = "<group>"; };
		ED92269A2A6548CA00734372 /* MetricsReporter-tvOS.xctestplan */ = {isa = PBXFileReference; lastKnownFileType = text; path = "MetricsReporter-tvOS.xctestplan"; sourceTree = "<group>"; };
		ED92269B2A65494D00734372 /* MetricsReporter-macOS.xctestplan */ = {isa = PBXFileReference; lastKnownFileType = text; path = "MetricsReporter-macOS.xctestplan"; sourceTree = "<group>"; };
		ED92269C2A654AF100734372 /* MetricsReporter-watchOS.xctestplan */ = {isa = PBXFileReference; lastKnownFileType = text; path = "MetricsReporter-watchOS.xctestplan"; sourceTree = "<group>"; };
		EDEDB5C82A6578B0005C670A /* MetricsReporterTests-watchOS.xctest */ = {isa = PBXFileReference; explicitFileType = wrapper.cfbundle; includeInIndex = 0; path = "MetricsReporterTests-watchOS.xctest"; sourceTree = BUILT_PRODUCTS_DIR; };
		EDEDB5DE2A6579CE005C670A /* MetricsReporterTests-tvOS.xctest */ = {isa = PBXFileReference; explicitFileType = wrapper.cfbundle; includeInIndex = 0; path = "MetricsReporterTests-tvOS.xctest"; sourceTree = BUILT_PRODUCTS_DIR; };
		EDEDB5EC2A6579F6005C670A /* MetricsReporterTests-macOS.xctest */ = {isa = PBXFileReference; explicitFileType = wrapper.cfbundle; includeInIndex = 0; path = "MetricsReporterTests-macOS.xctest"; sourceTree = BUILT_PRODUCTS_DIR; };
		EDEDB6142A659F4E005C670A /* ObjCMetricsClient.swift */ = {isa = PBXFileReference; lastKnownFileType = sourcecode.swift; path = ObjCMetricsClient.swift; sourceTree = "<group>"; };
		EDEDB6192A659FF5005C670A /* ObjCMetric.swift */ = {isa = PBXFileReference; lastKnownFileType = sourcecode.swift; path = ObjCMetric.swift; sourceTree = "<group>"; };
		EDEDB6222A66523E005C670A /* MetricsReporterTests-iOS.xctest */ = {isa = PBXFileReference; explicitFileType = wrapper.cfbundle; includeInIndex = 0; path = "MetricsReporterTests-iOS.xctest"; sourceTree = BUILT_PRODUCTS_DIR; };
		EDEDB62C2A666C9F005C670A /* ObjCTests.swift */ = {isa = PBXFileReference; lastKnownFileType = sourcecode.swift; path = ObjCTests.swift; sourceTree = "<group>"; };
		FD78E1E1915850C6EB6D5B77 /* Pods-MetricsReporter-macOS.debug.xcconfig */ = {isa = PBXFileReference; includeInIndex = 1; lastKnownFileType = text.xcconfig; name = "Pods-MetricsReporter-macOS.debug.xcconfig"; path = "Target Support Files/Pods-MetricsReporter-macOS/Pods-MetricsReporter-macOS.debug.xcconfig"; sourceTree = "<group>"; };
/* End PBXFileReference section */

/* Begin PBXFrameworksBuildPhase section */
		ED74EF412A5D8AE70075C583 /* Frameworks */ = {
			isa = PBXFrameworksBuildPhase;
			buildActionMask = 2147483647;
			files = (
				1F25C4F3AEFE2E34A29260C8 /* Pods_MetricsReporter_iOS.framework in Frameworks */,
			);
			runOnlyForDeploymentPostprocessing = 0;
		};
		ED9226172A65313B00734372 /* Frameworks */ = {
			isa = PBXFrameworksBuildPhase;
			buildActionMask = 2147483647;
			files = (
				38E801FA0B8D0BA2C3B0483B /* Pods_MetricsReporter_tvOS.framework in Frameworks */,
			);
			runOnlyForDeploymentPostprocessing = 0;
		};
		ED92262E2A65316400734372 /* Frameworks */ = {
			isa = PBXFrameworksBuildPhase;
			buildActionMask = 2147483647;
			files = (
				905B5BCD89930CA4925DF65D /* Pods_MetricsReporter_watchOS.framework in Frameworks */,
			);
			runOnlyForDeploymentPostprocessing = 0;
		};
		ED9226452A65317B00734372 /* Frameworks */ = {
			isa = PBXFrameworksBuildPhase;
			buildActionMask = 2147483647;
			files = (
				6A1AE4DD489B53CBB44EE734 /* Pods_MetricsReporter_macOS.framework in Frameworks */,
			);
			runOnlyForDeploymentPostprocessing = 0;
		};
		EDEDB5C52A6578B0005C670A /* Frameworks */ = {
			isa = PBXFrameworksBuildPhase;
			buildActionMask = 2147483647;
			files = (
				EDEDB5CC2A6578B1005C670A /* MetricsReporter_watchOS.framework in Frameworks */,
				1B03B56AE9624AE004F5DF0F /* Pods_MetricsReporterTests_watchOS.framework in Frameworks */,
			);
			runOnlyForDeploymentPostprocessing = 0;
		};
		EDEDB5DB2A6579CE005C670A /* Frameworks */ = {
			isa = PBXFrameworksBuildPhase;
			buildActionMask = 2147483647;
			files = (
				EDEDB5E22A6579CF005C670A /* MetricsReporter_tvOS.framework in Frameworks */,
				8285F4A0D2ED4CB8659B3AF6 /* Pods_MetricsReporterTests_tvOS.framework in Frameworks */,
			);
			runOnlyForDeploymentPostprocessing = 0;
		};
		EDEDB5E92A6579F6005C670A /* Frameworks */ = {
			isa = PBXFrameworksBuildPhase;
			buildActionMask = 2147483647;
			files = (
				EDEDB5F02A6579F6005C670A /* MetricsReporter_macOS.framework in Frameworks */,
				0B52D13758F51FBC42BEBD56 /* Pods_MetricsReporterTests_macOS.framework in Frameworks */,
			);
			runOnlyForDeploymentPostprocessing = 0;
		};
		EDEDB61F2A66523E005C670A /* Frameworks */ = {
			isa = PBXFrameworksBuildPhase;
			buildActionMask = 2147483647;
			files = (
				EDEDB6262A66523F005C670A /* MetricsReporter_iOS.framework in Frameworks */,
				6AEC3BB5AE188E150DB99B85 /* Pods_MetricsReporterTests_iOS.framework in Frameworks */,
			);
			runOnlyForDeploymentPostprocessing = 0;
		};
/* End PBXFrameworksBuildPhase section */

/* Begin PBXGroup section */
		99C7C76FB60D730D34B5374E /* Frameworks */ = {
			isa = PBXGroup;
			children = (
				2CEB5E101B903D9F9511DC37 /* Pods_MetricsReporter_iOS.framework */,
				CC8551A162931D92636C42C1 /* Pods_MetricsReporter_macOS.framework */,
				37E263B0724587AE013EF8A2 /* Pods_MetricsReporter_tvOS.framework */,
				3F802D9049892F17DF53A32D /* Pods_MetricsReporter_watchOS.framework */,
				4D2F747FACAB7C651EB33404 /* Pods_MetricsReporterTests_iOS.framework */,
				DF3B450E972DB2B146AC7918 /* Pods_MetricsReporterTests_macOS.framework */,
				3C555157A29F2F60510E2309 /* Pods_MetricsReporterTests_tvOS.framework */,
				3193919FF4702F534A05DC2D /* Pods_MetricsReporterTests_watchOS.framework */,
			);
			name = Frameworks;
			sourceTree = "<group>";
		};
		B24007186632C0956C674282 /* Pods */ = {
			isa = PBXGroup;
			children = (
				D41DF0586EE80EB2561677EB /* Pods-MetricsReporter-iOS.debug.xcconfig */,
				D56B94520E8A85470FE619A7 /* Pods-MetricsReporter-iOS.release.xcconfig */,
				FD78E1E1915850C6EB6D5B77 /* Pods-MetricsReporter-macOS.debug.xcconfig */,
				4F6D896AB798876A83A20901 /* Pods-MetricsReporter-macOS.release.xcconfig */,
				E9E6085A404B4EABACF9C653 /* Pods-MetricsReporter-tvOS.debug.xcconfig */,
				04B80CC89137692A23D2A3AE /* Pods-MetricsReporter-tvOS.release.xcconfig */,
				27050CE68E2A3E416087223F /* Pods-MetricsReporter-watchOS.debug.xcconfig */,
				CF921537B754B1737964C539 /* Pods-MetricsReporter-watchOS.release.xcconfig */,
				A13025875389B6CB21352C2D /* Pods-MetricsReporterTests-iOS.debug.xcconfig */,
				6EA6BF59F7BDF83A3467BBD7 /* Pods-MetricsReporterTests-iOS.release.xcconfig */,
				CA511DA26A2FE6C809AEB52B /* Pods-MetricsReporterTests-macOS.debug.xcconfig */,
				698D95BDFC68B78B7F9E66FA /* Pods-MetricsReporterTests-macOS.release.xcconfig */,
				5AF92FBA9F461E225F64E70F /* Pods-MetricsReporterTests-tvOS.debug.xcconfig */,
				0F7B90A3E84FCC6CD1611FEF /* Pods-MetricsReporterTests-tvOS.release.xcconfig */,
				3C5984406A72FB13647548EF /* Pods-MetricsReporterTests-watchOS.debug.xcconfig */,
				18854D1A0F16D83D6D35F7BD /* Pods-MetricsReporterTests-watchOS.release.xcconfig */,
			);
			path = Pods;
			sourceTree = "<group>";
		};
		ED1A22692A5DA23B007031FF /* workflows */ = {
			isa = PBXGroup;
			children = (
				ED1A22732A5DA23B007031FF /* build-and-quality-checks.yml */,
				ED1A226D2A5DA23B007031FF /* check-pr-title.yml */,
				ED1A226E2A5DA23B007031FF /* create-hotfix-branch.yml */,
				ED1A22712A5DA23B007031FF /* deploy-cocoapods-manual.yml */,
				ED1A226A2A5DA23B007031FF /* deploy-cocoapods.yml */,
				ED1A226C2A5DA23B007031FF /* draft-new-beta-release.yml */,
				ED1A22742A5DA23B007031FF /* draft-new-release.yml */,
				ED1A226B2A5DA23B007031FF /* notion-pr-sync.yml */,
				ED1A226F2A5DA23B007031FF /* publish-new-release.yml */,
				ED1A22722A5DA23B007031FF /* slack-notify.yml */,
				ED1A22702A5DA23B007031FF /* test.yml */,
			);
			name = workflows;
			path = .github/workflows;
			sourceTree = "<group>";
		};
		ED74EF3A2A5D8AE70075C583 = {
			isa = PBXGroup;
			children = (
				ED1A22692A5DA23B007031FF /* workflows */,
				ED74EF7A2A5D94090075C583 /* MetricsReporter.podspec */,
				ED74EF7B2A5D94090075C583 /* Package.swift */,
				ED74EF792A5D94090075C583 /* Podfile */,
				ED74EF462A5D8AE70075C583 /* Sources */,
				ED74EF502A5D8AE70075C583 /* MetricsReporterTests */,
				ED92268E2A6545D500734372 /* MetricsReporter-iOS */,
				ED9226902A6545D500734372 /* MetricsReporter-macOS */,
				ED9226912A6545D500734372 /* MetricsReporter-tvOS */,
				ED9226922A6545D500734372 /* MetricsReporter-watchOS */,
				ED74EF452A5D8AE70075C583 /* Products */,
				B24007186632C0956C674282 /* Pods */,
				99C7C76FB60D730D34B5374E /* Frameworks */,
			);
			sourceTree = "<group>";
		};
		ED74EF452A5D8AE70075C583 /* Products */ = {
			isa = PBXGroup;
			children = (
				ED74EF442A5D8AE70075C583 /* MetricsReporter_iOS.framework */,
				ED92261D2A65313B00734372 /* MetricsReporter_tvOS.framework */,
				ED9226342A65316400734372 /* MetricsReporter_watchOS.framework */,
				ED92264B2A65317B00734372 /* MetricsReporter_macOS.framework */,
				EDEDB5C82A6578B0005C670A /* MetricsReporterTests-watchOS.xctest */,
				EDEDB5DE2A6579CE005C670A /* MetricsReporterTests-tvOS.xctest */,
				EDEDB5EC2A6579F6005C670A /* MetricsReporterTests-macOS.xctest */,
				EDEDB6222A66523E005C670A /* MetricsReporterTests-iOS.xctest */,
			);
			name = Products;
			sourceTree = "<group>";
		};
		ED74EF462A5D8AE70075C583 /* Sources */ = {
			isa = PBXGroup;
			children = (
				ED74EF642A5D8B9B0075C583 /* Classes */,
			);
			path = Sources;
			sourceTree = "<group>";
		};
		ED74EF502A5D8AE70075C583 /* MetricsReporterTests */ = {
			isa = PBXGroup;
			children = (
				ED1A227D2A5DBE1D007031FF /* MetricsReporter-iOS.xctestplan */,
				ED92269B2A65494D00734372 /* MetricsReporter-macOS.xctestplan */,
				ED92269A2A6548CA00734372 /* MetricsReporter-tvOS.xctestplan */,
				ED92269C2A654AF100734372 /* MetricsReporter-watchOS.xctestplan */,
				ED74EF812A5D9D7C0075C583 /* DatabaseTests.swift */,
				ED9226002A613F5C00734372 /* LabelOperatorTests.swift */,
				ED9226022A61401900734372 /* MetricOperatorTests.swift */,
				ED9225FE2A5FC17A00734372 /* MetricsUploaderTests.swift */,
				ED74EF832A5D9D7C0075C583 /* ModelTests.swift */,
				ED74EF7F2A5D9D7C0075C583 /* MockURLProtocol.swift */,
				EDEDB62C2A666C9F005C670A /* ObjCTests.swift */,
				ED74EF802A5D9D7C0075C583 /* ServiceManagerTests.swift */,
			);
			path = MetricsReporterTests;
			sourceTree = "<group>";
		};
		ED74EF642A5D8B9B0075C583 /* Classes */ = {
			isa = PBXGroup;
			children = (
				ED74EF6F2A5D8B9B0075C583 /* MetricsClient.swift */,
				ED9225FA2A5E7B1900734372 /* MetricsUploader.swift */,
				ED74EF662A5D8B9B0075C583 /* Database */,
				ED9225F92A5E7A5300734372 /* Models */,
				ED74EF6A2A5D8B9B0075C583 /* Networking */,
				ED9226042A6516F600734372 /* ObjC */,
			);
			path = Classes;
			sourceTree = "<group>";
		};
		ED74EF662A5D8B9B0075C583 /* Database */ = {
			isa = PBXGroup;
			children = (
				ED74EF692A5D8B9B0075C583 /* Database.swift */,
				ED74EF682A5D8B9B0075C583 /* LabelOperator.swift */,
				ED74EF672A5D8B9B0075C583 /* MetricOperator.swift */,
			);
			path = Database;
			sourceTree = "<group>";
		};
		ED74EF6A2A5D8B9B0075C583 /* Networking */ = {
			isa = PBXGroup;
			children = (
				ED74EF6C2A5D8B9B0075C583 /* APIClient */,
				ED74EF6B2A5D8B9B0075C583 /* ServiceType.swift */,
			);
			path = Networking;
			sourceTree = "<group>";
		};
		ED74EF6C2A5D8B9B0075C583 /* APIClient */ = {
			isa = PBXGroup;
			children = (
				ED74EF6D2A5D8B9B0075C583 /* ServiceManager.swift */,
				ED74EF6E2A5D8B9B0075C583 /* API.swift */,
			);
			path = APIClient;
			sourceTree = "<group>";
		};
		ED9225F92A5E7A5300734372 /* Models */ = {
			isa = PBXGroup;
			children = (
				ED1A227E2A5DC34D007031FF /* Configuration.swift */,
				ED74EF652A5D8B9B0075C583 /* Metric.swift */,
			);
			path = Models;
			sourceTree = "<group>";
		};
		ED9226042A6516F600734372 /* ObjC */ = {
			isa = PBXGroup;
			children = (
				ED9226052A65172E00734372 /* ObjCConfiguration.swift */,
				EDEDB6192A659FF5005C670A /* ObjCMetric.swift */,
				EDEDB6142A659F4E005C670A /* ObjCMetricsClient.swift */,
			);
			path = ObjC;
			sourceTree = "<group>";
		};
		ED92268E2A6545D500734372 /* MetricsReporter-iOS */ = {
			isa = PBXGroup;
			children = (
				ED92268F2A6545D500734372 /* MetricsReporteriOS.h */,
			);
			path = "MetricsReporter-iOS";
			sourceTree = "<group>";
		};
		ED9226902A6545D500734372 /* MetricsReporter-macOS */ = {
			isa = PBXGroup;
			children = (
				ED9226942A65465B00734372 /* MetricsReportermacOS.h */,
			);
			path = "MetricsReporter-macOS";
			sourceTree = "<group>";
		};
		ED9226912A6545D500734372 /* MetricsReporter-tvOS */ = {
			isa = PBXGroup;
			children = (
				ED9226962A65468D00734372 /* MetricsReportertvOS.h */,
			);
			path = "MetricsReporter-tvOS";
			sourceTree = "<group>";
		};
		ED9226922A6545D500734372 /* MetricsReporter-watchOS */ = {
			isa = PBXGroup;
			children = (
				ED9226982A65469300734372 /* MetricsReporterwatchOS.h */,
			);
			path = "MetricsReporter-watchOS";
			sourceTree = "<group>";
		};
/* End PBXGroup section */

/* Begin PBXHeadersBuildPhase section */
		ED74EF3F2A5D8AE70075C583 /* Headers */ = {
			isa = PBXHeadersBuildPhase;
			buildActionMask = 2147483647;
			files = (
				ED9226932A65460400734372 /* MetricsReporteriOS.h in Headers */,
			);
			runOnlyForDeploymentPostprocessing = 0;
		};
		ED9226092A65313B00734372 /* Headers */ = {
			isa = PBXHeadersBuildPhase;
			buildActionMask = 2147483647;
			files = (
				ED9226972A65468D00734372 /* MetricsReportertvOS.h in Headers */,
			);
			runOnlyForDeploymentPostprocessing = 0;
		};
		ED9226202A65316400734372 /* Headers */ = {
			isa = PBXHeadersBuildPhase;
			buildActionMask = 2147483647;
			files = (
				ED9226992A65469300734372 /* MetricsReporterwatchOS.h in Headers */,
			);
			runOnlyForDeploymentPostprocessing = 0;
		};
		ED9226372A65317B00734372 /* Headers */ = {
			isa = PBXHeadersBuildPhase;
			buildActionMask = 2147483647;
			files = (
				ED9226952A65465B00734372 /* MetricsReportermacOS.h in Headers */,
			);
			runOnlyForDeploymentPostprocessing = 0;
		};
/* End PBXHeadersBuildPhase section */

/* Begin PBXNativeTarget section */
		ED74EF432A5D8AE70075C583 /* MetricsReporter-iOS */ = {
			isa = PBXNativeTarget;
			buildConfigurationList = ED74EF562A5D8AE70075C583 /* Build configuration list for PBXNativeTarget "MetricsReporter-iOS" */;
			buildPhases = (
				BB7E184F700C1C9AEC81FD33 /* [CP] Check Pods Manifest.lock */,
				ED74EF3F2A5D8AE70075C583 /* Headers */,
				ED74EF402A5D8AE70075C583 /* Sources */,
				ED74EF412A5D8AE70075C583 /* Frameworks */,
				ED74EF422A5D8AE70075C583 /* Resources */,
			);
			buildRules = (
			);
			dependencies = (
			);
			name = "MetricsReporter-iOS";
			productName = MetricsReporter;
			productReference = ED74EF442A5D8AE70075C583 /* MetricsReporter_iOS.framework */;
			productType = "com.apple.product-type.framework";
		};
		ED9226072A65313B00734372 /* MetricsReporter-tvOS */ = {
			isa = PBXNativeTarget;
			buildConfigurationList = ED92261A2A65313B00734372 /* Build configuration list for PBXNativeTarget "MetricsReporter-tvOS" */;
			buildPhases = (
				B6C0761961CC39C1B554BA3A /* [CP] Check Pods Manifest.lock */,
				ED9226092A65313B00734372 /* Headers */,
				ED92260B2A65313B00734372 /* Sources */,
				ED9226172A65313B00734372 /* Frameworks */,
				ED9226192A65313B00734372 /* Resources */,
			);
			buildRules = (
			);
			dependencies = (
			);
			name = "MetricsReporter-tvOS";
			productName = MetricsReporter;
			productReference = ED92261D2A65313B00734372 /* MetricsReporter_tvOS.framework */;
			productType = "com.apple.product-type.framework";
		};
		ED92261E2A65316400734372 /* MetricsReporter-watchOS */ = {
			isa = PBXNativeTarget;
			buildConfigurationList = ED9226312A65316400734372 /* Build configuration list for PBXNativeTarget "MetricsReporter-watchOS" */;
			buildPhases = (
				E5A832252C3DDDCF66B71676 /* [CP] Check Pods Manifest.lock */,
				ED9226202A65316400734372 /* Headers */,
				ED9226222A65316400734372 /* Sources */,
				ED92262E2A65316400734372 /* Frameworks */,
				ED9226302A65316400734372 /* Resources */,
			);
			buildRules = (
			);
			dependencies = (
			);
			name = "MetricsReporter-watchOS";
			productName = MetricsReporter;
			productReference = ED9226342A65316400734372 /* MetricsReporter_watchOS.framework */;
			productType = "com.apple.product-type.framework";
		};
		ED9226352A65317B00734372 /* MetricsReporter-macOS */ = {
			isa = PBXNativeTarget;
			buildConfigurationList = ED9226482A65317B00734372 /* Build configuration list for PBXNativeTarget "MetricsReporter-macOS" */;
			buildPhases = (
				574C6F92D91AE896BA9CDB64 /* [CP] Check Pods Manifest.lock */,
				ED9226372A65317B00734372 /* Headers */,
				ED9226392A65317B00734372 /* Sources */,
				ED9226452A65317B00734372 /* Frameworks */,
				ED9226472A65317B00734372 /* Resources */,
			);
			buildRules = (
			);
			dependencies = (
			);
			name = "MetricsReporter-macOS";
			productName = MetricsReporter;
			productReference = ED92264B2A65317B00734372 /* MetricsReporter_macOS.framework */;
			productType = "com.apple.product-type.framework";
		};
		EDEDB5C72A6578B0005C670A /* MetricsReporterTests-watchOS */ = {
			isa = PBXNativeTarget;
			buildConfigurationList = EDEDB5CF2A6578B1005C670A /* Build configuration list for PBXNativeTarget "MetricsReporterTests-watchOS" */;
			buildPhases = (
				39F2E6029D1E89DAC095FF7F /* [CP] Check Pods Manifest.lock */,
				EDEDB5C42A6578B0005C670A /* Sources */,
				EDEDB5C52A6578B0005C670A /* Frameworks */,
				EDEDB5C62A6578B0005C670A /* Resources */,
				6DDB0CE2105090380C6B04DF /* [CP] Embed Pods Frameworks */,
			);
			buildRules = (
			);
			dependencies = (
				EDEDB5CE2A6578B1005C670A /* PBXTargetDependency */,
			);
			name = "MetricsReporterTests-watchOS";
			productName = "MetricsReporterTests-watchOS";
			productReference = EDEDB5C82A6578B0005C670A /* MetricsReporterTests-watchOS.xctest */;
			productType = "com.apple.product-type.bundle.unit-test";
		};
		EDEDB5DD2A6579CE005C670A /* MetricsReporterTests-tvOS */ = {
			isa = PBXNativeTarget;
			buildConfigurationList = EDEDB5E52A6579CF005C670A /* Build configuration list for PBXNativeTarget "MetricsReporterTests-tvOS" */;
			buildPhases = (
				310DF17359912357BC676CCB /* [CP] Check Pods Manifest.lock */,
				EDEDB5DA2A6579CE005C670A /* Sources */,
				EDEDB5DB2A6579CE005C670A /* Frameworks */,
				EDEDB5DC2A6579CE005C670A /* Resources */,
				DCCFA19ABD596C340AF99BEA /* [CP] Embed Pods Frameworks */,
			);
			buildRules = (
			);
			dependencies = (
				EDEDB5E42A6579CF005C670A /* PBXTargetDependency */,
			);
			name = "MetricsReporterTests-tvOS";
			productName = "MetricsReporterTests-tvOS";
			productReference = EDEDB5DE2A6579CE005C670A /* MetricsReporterTests-tvOS.xctest */;
			productType = "com.apple.product-type.bundle.unit-test";
		};
		EDEDB5EB2A6579F6005C670A /* MetricsReporterTests-macOS */ = {
			isa = PBXNativeTarget;
			buildConfigurationList = EDEDB5F32A6579F6005C670A /* Build configuration list for PBXNativeTarget "MetricsReporterTests-macOS" */;
			buildPhases = (
				D311C9DD655F3D6E65CB3F18 /* [CP] Check Pods Manifest.lock */,
				EDEDB5E82A6579F6005C670A /* Sources */,
				EDEDB5E92A6579F6005C670A /* Frameworks */,
				EDEDB5EA2A6579F6005C670A /* Resources */,
				09A936227E0976C81534DB28 /* [CP] Embed Pods Frameworks */,
			);
			buildRules = (
			);
			dependencies = (
				EDEDB5F22A6579F6005C670A /* PBXTargetDependency */,
			);
			name = "MetricsReporterTests-macOS";
			productName = "MetricsReporterTests-macOS";
			productReference = EDEDB5EC2A6579F6005C670A /* MetricsReporterTests-macOS.xctest */;
			productType = "com.apple.product-type.bundle.unit-test";
		};
		EDEDB6212A66523E005C670A /* MetricsReporterTests-iOS */ = {
			isa = PBXNativeTarget;
			buildConfigurationList = EDEDB6292A66523F005C670A /* Build configuration list for PBXNativeTarget "MetricsReporterTests-iOS" */;
			buildPhases = (
				DFCA7C1E2FF0BBFA0918600E /* [CP] Check Pods Manifest.lock */,
				EDEDB61E2A66523E005C670A /* Sources */,
				EDEDB61F2A66523E005C670A /* Frameworks */,
				EDEDB6202A66523E005C670A /* Resources */,
				C91F25CB2E636660A7EDE2D6 /* [CP] Embed Pods Frameworks */,
			);
			buildRules = (
			);
			dependencies = (
				EDEDB6282A66523F005C670A /* PBXTargetDependency */,
			);
			name = "MetricsReporterTests-iOS";
			productName = "MetricsReporterTests-iOS";
			productReference = EDEDB6222A66523E005C670A /* MetricsReporterTests-iOS.xctest */;
			productType = "com.apple.product-type.bundle.unit-test";
		};
/* End PBXNativeTarget section */

/* Begin PBXProject section */
		ED74EF3B2A5D8AE70075C583 /* Project object */ = {
			isa = PBXProject;
			attributes = {
				BuildIndependentTargetsInParallel = 1;
				LastSwiftUpdateCheck = 1430;
				LastUpgradeCheck = 1430;
				TargetAttributes = {
					ED74EF432A5D8AE70075C583 = {
						CreatedOnToolsVersion = 14.3.1;
					};
					EDEDB5C72A6578B0005C670A = {
						CreatedOnToolsVersion = 14.3.1;
					};
					EDEDB5DD2A6579CE005C670A = {
						CreatedOnToolsVersion = 14.3.1;
					};
					EDEDB5EB2A6579F6005C670A = {
						CreatedOnToolsVersion = 14.3.1;
					};
					EDEDB6212A66523E005C670A = {
						CreatedOnToolsVersion = 14.3.1;
						LastSwiftMigration = 1430;
					};
				};
			};
			buildConfigurationList = ED74EF3E2A5D8AE70075C583 /* Build configuration list for PBXProject "MetricsReporter" */;
			compatibilityVersion = "Xcode 14.0";
			developmentRegion = en;
			hasScannedForEncodings = 0;
			knownRegions = (
				en,
				Base,
			);
			mainGroup = ED74EF3A2A5D8AE70075C583;
			productRefGroup = ED74EF452A5D8AE70075C583 /* Products */;
			projectDirPath = "";
			projectRoot = "";
			targets = (
				ED74EF432A5D8AE70075C583 /* MetricsReporter-iOS */,
				ED9226352A65317B00734372 /* MetricsReporter-macOS */,
				ED9226072A65313B00734372 /* MetricsReporter-tvOS */,
				ED92261E2A65316400734372 /* MetricsReporter-watchOS */,
				EDEDB6212A66523E005C670A /* MetricsReporterTests-iOS */,
				EDEDB5C72A6578B0005C670A /* MetricsReporterTests-watchOS */,
				EDEDB5DD2A6579CE005C670A /* MetricsReporterTests-tvOS */,
				EDEDB5EB2A6579F6005C670A /* MetricsReporterTests-macOS */,
			);
		};
/* End PBXProject section */

/* Begin PBXResourcesBuildPhase section */
		ED74EF422A5D8AE70075C583 /* Resources */ = {
			isa = PBXResourcesBuildPhase;
			buildActionMask = 2147483647;
			files = (
			);
			runOnlyForDeploymentPostprocessing = 0;
		};
		ED9226192A65313B00734372 /* Resources */ = {
			isa = PBXResourcesBuildPhase;
			buildActionMask = 2147483647;
			files = (
			);
			runOnlyForDeploymentPostprocessing = 0;
		};
		ED9226302A65316400734372 /* Resources */ = {
			isa = PBXResourcesBuildPhase;
			buildActionMask = 2147483647;
			files = (
			);
			runOnlyForDeploymentPostprocessing = 0;
		};
		ED9226472A65317B00734372 /* Resources */ = {
			isa = PBXResourcesBuildPhase;
			buildActionMask = 2147483647;
			files = (
			);
			runOnlyForDeploymentPostprocessing = 0;
		};
		EDEDB5C62A6578B0005C670A /* Resources */ = {
			isa = PBXResourcesBuildPhase;
			buildActionMask = 2147483647;
			files = (
			);
			runOnlyForDeploymentPostprocessing = 0;
		};
		EDEDB5DC2A6579CE005C670A /* Resources */ = {
			isa = PBXResourcesBuildPhase;
			buildActionMask = 2147483647;
			files = (
			);
			runOnlyForDeploymentPostprocessing = 0;
		};
		EDEDB5EA2A6579F6005C670A /* Resources */ = {
			isa = PBXResourcesBuildPhase;
			buildActionMask = 2147483647;
			files = (
			);
			runOnlyForDeploymentPostprocessing = 0;
		};
		EDEDB6202A66523E005C670A /* Resources */ = {
			isa = PBXResourcesBuildPhase;
			buildActionMask = 2147483647;
			files = (
			);
			runOnlyForDeploymentPostprocessing = 0;
		};
/* End PBXResourcesBuildPhase section */

/* Begin PBXShellScriptBuildPhase section */
		09A936227E0976C81534DB28 /* [CP] Embed Pods Frameworks */ = {
			isa = PBXShellScriptBuildPhase;
			buildActionMask = 2147483647;
			files = (
			);
			inputFileListPaths = (
				"${PODS_ROOT}/Target Support Files/Pods-MetricsReporterTests-macOS/Pods-MetricsReporterTests-macOS-frameworks-${CONFIGURATION}-input-files.xcfilelist",
			);
			name = "[CP] Embed Pods Frameworks";
			outputFileListPaths = (
				"${PODS_ROOT}/Target Support Files/Pods-MetricsReporterTests-macOS/Pods-MetricsReporterTests-macOS-frameworks-${CONFIGURATION}-output-files.xcfilelist",
			);
			runOnlyForDeploymentPostprocessing = 0;
			shellPath = /bin/sh;
			shellScript = "\"${PODS_ROOT}/Target Support Files/Pods-MetricsReporterTests-macOS/Pods-MetricsReporterTests-macOS-frameworks.sh\"\n";
			showEnvVarsInLog = 0;
		};
		310DF17359912357BC676CCB /* [CP] Check Pods Manifest.lock */ = {
			isa = PBXShellScriptBuildPhase;
			buildActionMask = 2147483647;
			files = (
			);
			inputFileListPaths = (
			);
			inputPaths = (
				"${PODS_PODFILE_DIR_PATH}/Podfile.lock",
				"${PODS_ROOT}/Manifest.lock",
			);
			name = "[CP] Check Pods Manifest.lock";
			outputFileListPaths = (
			);
			outputPaths = (
				"$(DERIVED_FILE_DIR)/Pods-MetricsReporterTests-tvOS-checkManifestLockResult.txt",
			);
			runOnlyForDeploymentPostprocessing = 0;
			shellPath = /bin/sh;
			shellScript = "diff \"${PODS_PODFILE_DIR_PATH}/Podfile.lock\" \"${PODS_ROOT}/Manifest.lock\" > /dev/null\nif [ $? != 0 ] ; then\n    # print error to STDERR\n    echo \"error: The sandbox is not in sync with the Podfile.lock. Run 'pod install' or update your CocoaPods installation.\" >&2\n    exit 1\nfi\n# This output is used by Xcode 'outputs' to avoid re-running this script phase.\necho \"SUCCESS\" > \"${SCRIPT_OUTPUT_FILE_0}\"\n";
			showEnvVarsInLog = 0;
		};
		39F2E6029D1E89DAC095FF7F /* [CP] Check Pods Manifest.lock */ = {
			isa = PBXShellScriptBuildPhase;
			buildActionMask = 2147483647;
			files = (
			);
			inputFileListPaths = (
			);
			inputPaths = (
				"${PODS_PODFILE_DIR_PATH}/Podfile.lock",
				"${PODS_ROOT}/Manifest.lock",
			);
			name = "[CP] Check Pods Manifest.lock";
			outputFileListPaths = (
			);
			outputPaths = (
				"$(DERIVED_FILE_DIR)/Pods-MetricsReporterTests-watchOS-checkManifestLockResult.txt",
			);
			runOnlyForDeploymentPostprocessing = 0;
			shellPath = /bin/sh;
			shellScript = "diff \"${PODS_PODFILE_DIR_PATH}/Podfile.lock\" \"${PODS_ROOT}/Manifest.lock\" > /dev/null\nif [ $? != 0 ] ; then\n    # print error to STDERR\n    echo \"error: The sandbox is not in sync with the Podfile.lock. Run 'pod install' or update your CocoaPods installation.\" >&2\n    exit 1\nfi\n# This output is used by Xcode 'outputs' to avoid re-running this script phase.\necho \"SUCCESS\" > \"${SCRIPT_OUTPUT_FILE_0}\"\n";
			showEnvVarsInLog = 0;
		};
		574C6F92D91AE896BA9CDB64 /* [CP] Check Pods Manifest.lock */ = {
			isa = PBXShellScriptBuildPhase;
			buildActionMask = 2147483647;
			files = (
			);
			inputFileListPaths = (
			);
			inputPaths = (
				"${PODS_PODFILE_DIR_PATH}/Podfile.lock",
				"${PODS_ROOT}/Manifest.lock",
			);
			name = "[CP] Check Pods Manifest.lock";
			outputFileListPaths = (
			);
			outputPaths = (
				"$(DERIVED_FILE_DIR)/Pods-MetricsReporter-macOS-checkManifestLockResult.txt",
			);
			runOnlyForDeploymentPostprocessing = 0;
			shellPath = /bin/sh;
			shellScript = "diff \"${PODS_PODFILE_DIR_PATH}/Podfile.lock\" \"${PODS_ROOT}/Manifest.lock\" > /dev/null\nif [ $? != 0 ] ; then\n    # print error to STDERR\n    echo \"error: The sandbox is not in sync with the Podfile.lock. Run 'pod install' or update your CocoaPods installation.\" >&2\n    exit 1\nfi\n# This output is used by Xcode 'outputs' to avoid re-running this script phase.\necho \"SUCCESS\" > \"${SCRIPT_OUTPUT_FILE_0}\"\n";
			showEnvVarsInLog = 0;
		};
		6DDB0CE2105090380C6B04DF /* [CP] Embed Pods Frameworks */ = {
			isa = PBXShellScriptBuildPhase;
			buildActionMask = 2147483647;
			files = (
			);
			inputFileListPaths = (
				"${PODS_ROOT}/Target Support Files/Pods-MetricsReporterTests-watchOS/Pods-MetricsReporterTests-watchOS-frameworks-${CONFIGURATION}-input-files.xcfilelist",
			);
			name = "[CP] Embed Pods Frameworks";
			outputFileListPaths = (
				"${PODS_ROOT}/Target Support Files/Pods-MetricsReporterTests-watchOS/Pods-MetricsReporterTests-watchOS-frameworks-${CONFIGURATION}-output-files.xcfilelist",
			);
			runOnlyForDeploymentPostprocessing = 0;
			shellPath = /bin/sh;
			shellScript = "\"${PODS_ROOT}/Target Support Files/Pods-MetricsReporterTests-watchOS/Pods-MetricsReporterTests-watchOS-frameworks.sh\"\n";
			showEnvVarsInLog = 0;
		};
		B6C0761961CC39C1B554BA3A /* [CP] Check Pods Manifest.lock */ = {
			isa = PBXShellScriptBuildPhase;
			buildActionMask = 2147483647;
			files = (
			);
			inputFileListPaths = (
			);
			inputPaths = (
				"${PODS_PODFILE_DIR_PATH}/Podfile.lock",
				"${PODS_ROOT}/Manifest.lock",
			);
			name = "[CP] Check Pods Manifest.lock";
			outputFileListPaths = (
			);
			outputPaths = (
				"$(DERIVED_FILE_DIR)/Pods-MetricsReporter-tvOS-checkManifestLockResult.txt",
			);
			runOnlyForDeploymentPostprocessing = 0;
			shellPath = /bin/sh;
			shellScript = "diff \"${PODS_PODFILE_DIR_PATH}/Podfile.lock\" \"${PODS_ROOT}/Manifest.lock\" > /dev/null\nif [ $? != 0 ] ; then\n    # print error to STDERR\n    echo \"error: The sandbox is not in sync with the Podfile.lock. Run 'pod install' or update your CocoaPods installation.\" >&2\n    exit 1\nfi\n# This output is used by Xcode 'outputs' to avoid re-running this script phase.\necho \"SUCCESS\" > \"${SCRIPT_OUTPUT_FILE_0}\"\n";
			showEnvVarsInLog = 0;
		};
		BB7E184F700C1C9AEC81FD33 /* [CP] Check Pods Manifest.lock */ = {
			isa = PBXShellScriptBuildPhase;
			buildActionMask = 2147483647;
			files = (
			);
			inputFileListPaths = (
			);
			inputPaths = (
				"${PODS_PODFILE_DIR_PATH}/Podfile.lock",
				"${PODS_ROOT}/Manifest.lock",
			);
			name = "[CP] Check Pods Manifest.lock";
			outputFileListPaths = (
			);
			outputPaths = (
				"$(DERIVED_FILE_DIR)/Pods-MetricsReporter-iOS-checkManifestLockResult.txt",
			);
			runOnlyForDeploymentPostprocessing = 0;
			shellPath = /bin/sh;
			shellScript = "diff \"${PODS_PODFILE_DIR_PATH}/Podfile.lock\" \"${PODS_ROOT}/Manifest.lock\" > /dev/null\nif [ $? != 0 ] ; then\n    # print error to STDERR\n    echo \"error: The sandbox is not in sync with the Podfile.lock. Run 'pod install' or update your CocoaPods installation.\" >&2\n    exit 1\nfi\n# This output is used by Xcode 'outputs' to avoid re-running this script phase.\necho \"SUCCESS\" > \"${SCRIPT_OUTPUT_FILE_0}\"\n";
			showEnvVarsInLog = 0;
		};
		C91F25CB2E636660A7EDE2D6 /* [CP] Embed Pods Frameworks */ = {
			isa = PBXShellScriptBuildPhase;
			buildActionMask = 2147483647;
			files = (
			);
			inputFileListPaths = (
				"${PODS_ROOT}/Target Support Files/Pods-MetricsReporterTests-iOS/Pods-MetricsReporterTests-iOS-frameworks-${CONFIGURATION}-input-files.xcfilelist",
			);
			name = "[CP] Embed Pods Frameworks";
			outputFileListPaths = (
				"${PODS_ROOT}/Target Support Files/Pods-MetricsReporterTests-iOS/Pods-MetricsReporterTests-iOS-frameworks-${CONFIGURATION}-output-files.xcfilelist",
			);
			runOnlyForDeploymentPostprocessing = 0;
			shellPath = /bin/sh;
			shellScript = "\"${PODS_ROOT}/Target Support Files/Pods-MetricsReporterTests-iOS/Pods-MetricsReporterTests-iOS-frameworks.sh\"\n";
			showEnvVarsInLog = 0;
		};
		D311C9DD655F3D6E65CB3F18 /* [CP] Check Pods Manifest.lock */ = {
			isa = PBXShellScriptBuildPhase;
			buildActionMask = 2147483647;
			files = (
			);
			inputFileListPaths = (
			);
			inputPaths = (
				"${PODS_PODFILE_DIR_PATH}/Podfile.lock",
				"${PODS_ROOT}/Manifest.lock",
			);
			name = "[CP] Check Pods Manifest.lock";
			outputFileListPaths = (
			);
			outputPaths = (
				"$(DERIVED_FILE_DIR)/Pods-MetricsReporterTests-macOS-checkManifestLockResult.txt",
			);
			runOnlyForDeploymentPostprocessing = 0;
			shellPath = /bin/sh;
			shellScript = "diff \"${PODS_PODFILE_DIR_PATH}/Podfile.lock\" \"${PODS_ROOT}/Manifest.lock\" > /dev/null\nif [ $? != 0 ] ; then\n    # print error to STDERR\n    echo \"error: The sandbox is not in sync with the Podfile.lock. Run 'pod install' or update your CocoaPods installation.\" >&2\n    exit 1\nfi\n# This output is used by Xcode 'outputs' to avoid re-running this script phase.\necho \"SUCCESS\" > \"${SCRIPT_OUTPUT_FILE_0}\"\n";
			showEnvVarsInLog = 0;
		};
		DCCFA19ABD596C340AF99BEA /* [CP] Embed Pods Frameworks */ = {
			isa = PBXShellScriptBuildPhase;
			buildActionMask = 2147483647;
			files = (
			);
			inputFileListPaths = (
				"${PODS_ROOT}/Target Support Files/Pods-MetricsReporterTests-tvOS/Pods-MetricsReporterTests-tvOS-frameworks-${CONFIGURATION}-input-files.xcfilelist",
			);
			name = "[CP] Embed Pods Frameworks";
			outputFileListPaths = (
				"${PODS_ROOT}/Target Support Files/Pods-MetricsReporterTests-tvOS/Pods-MetricsReporterTests-tvOS-frameworks-${CONFIGURATION}-output-files.xcfilelist",
			);
			runOnlyForDeploymentPostprocessing = 0;
			shellPath = /bin/sh;
			shellScript = "\"${PODS_ROOT}/Target Support Files/Pods-MetricsReporterTests-tvOS/Pods-MetricsReporterTests-tvOS-frameworks.sh\"\n";
			showEnvVarsInLog = 0;
		};
		DFCA7C1E2FF0BBFA0918600E /* [CP] Check Pods Manifest.lock */ = {
			isa = PBXShellScriptBuildPhase;
			buildActionMask = 2147483647;
			files = (
			);
			inputFileListPaths = (
			);
			inputPaths = (
				"${PODS_PODFILE_DIR_PATH}/Podfile.lock",
				"${PODS_ROOT}/Manifest.lock",
			);
			name = "[CP] Check Pods Manifest.lock";
			outputFileListPaths = (
			);
			outputPaths = (
				"$(DERIVED_FILE_DIR)/Pods-MetricsReporterTests-iOS-checkManifestLockResult.txt",
			);
			runOnlyForDeploymentPostprocessing = 0;
			shellPath = /bin/sh;
			shellScript = "diff \"${PODS_PODFILE_DIR_PATH}/Podfile.lock\" \"${PODS_ROOT}/Manifest.lock\" > /dev/null\nif [ $? != 0 ] ; then\n    # print error to STDERR\n    echo \"error: The sandbox is not in sync with the Podfile.lock. Run 'pod install' or update your CocoaPods installation.\" >&2\n    exit 1\nfi\n# This output is used by Xcode 'outputs' to avoid re-running this script phase.\necho \"SUCCESS\" > \"${SCRIPT_OUTPUT_FILE_0}\"\n";
			showEnvVarsInLog = 0;
		};
		E5A832252C3DDDCF66B71676 /* [CP] Check Pods Manifest.lock */ = {
			isa = PBXShellScriptBuildPhase;
			buildActionMask = 2147483647;
			files = (
			);
			inputFileListPaths = (
			);
			inputPaths = (
				"${PODS_PODFILE_DIR_PATH}/Podfile.lock",
				"${PODS_ROOT}/Manifest.lock",
			);
			name = "[CP] Check Pods Manifest.lock";
			outputFileListPaths = (
			);
			outputPaths = (
				"$(DERIVED_FILE_DIR)/Pods-MetricsReporter-watchOS-checkManifestLockResult.txt",
			);
			runOnlyForDeploymentPostprocessing = 0;
			shellPath = /bin/sh;
			shellScript = "diff \"${PODS_PODFILE_DIR_PATH}/Podfile.lock\" \"${PODS_ROOT}/Manifest.lock\" > /dev/null\nif [ $? != 0 ] ; then\n    # print error to STDERR\n    echo \"error: The sandbox is not in sync with the Podfile.lock. Run 'pod install' or update your CocoaPods installation.\" >&2\n    exit 1\nfi\n# This output is used by Xcode 'outputs' to avoid re-running this script phase.\necho \"SUCCESS\" > \"${SCRIPT_OUTPUT_FILE_0}\"\n";
			showEnvVarsInLog = 0;
		};
/* End PBXShellScriptBuildPhase section */

/* Begin PBXSourcesBuildPhase section */
		ED74EF402A5D8AE70075C583 /* Sources */ = {
			isa = PBXSourcesBuildPhase;
			buildActionMask = 2147483647;
			files = (
				ED1A22782A5DBA02007031FF /* MetricsClient.swift in Sources */,
				ED1A22772A5DB9F5007031FF /* MetricOperator.swift in Sources */,
				EDEDB6152A659F4E005C670A /* ObjCMetricsClient.swift in Sources */,
				ED1A22762A5DB9F5007031FF /* LabelOperator.swift in Sources */,
				ED9226062A65172E00734372 /* ObjCConfiguration.swift in Sources */,
				ED9225FB2A5E7B1900734372 /* MetricsUploader.swift in Sources */,
				ED1A227F2A5DC34D007031FF /* Configuration.swift in Sources */,
				ED1A227C2A5DBA02007031FF /* Metric.swift in Sources */,
				ED1A22752A5DB9F5007031FF /* Database.swift in Sources */,
				ED1A22792A5DBA02007031FF /* API.swift in Sources */,
				ED1A227A2A5DBA02007031FF /* ServiceManager.swift in Sources */,
				ED1A227B2A5DBA02007031FF /* ServiceType.swift in Sources */,
				EDEDB61A2A659FF5005C670A /* ObjCMetric.swift in Sources */,
			);
			runOnlyForDeploymentPostprocessing = 0;
		};
		ED92260B2A65313B00734372 /* Sources */ = {
			isa = PBXSourcesBuildPhase;
			buildActionMask = 2147483647;
			files = (
				ED92260C2A65313B00734372 /* MetricsClient.swift in Sources */,
				ED92260D2A65313B00734372 /* MetricOperator.swift in Sources */,
				EDEDB6172A659F4E005C670A /* ObjCMetricsClient.swift in Sources */,
				ED92260E2A65313B00734372 /* LabelOperator.swift in Sources */,
				ED92260F2A65313B00734372 /* ObjCConfiguration.swift in Sources */,
				ED9226102A65313B00734372 /* MetricsUploader.swift in Sources */,
				ED9226112A65313B00734372 /* Configuration.swift in Sources */,
				ED9226122A65313B00734372 /* Metric.swift in Sources */,
				ED9226132A65313B00734372 /* Database.swift in Sources */,
				ED9226142A65313B00734372 /* API.swift in Sources */,
				ED9226152A65313B00734372 /* ServiceManager.swift in Sources */,
				ED9226162A65313B00734372 /* ServiceType.swift in Sources */,
				EDEDB61C2A659FF5005C670A /* ObjCMetric.swift in Sources */,
			);
			runOnlyForDeploymentPostprocessing = 0;
		};
		ED9226222A65316400734372 /* Sources */ = {
			isa = PBXSourcesBuildPhase;
			buildActionMask = 2147483647;
			files = (
				ED9226232A65316400734372 /* MetricsClient.swift in Sources */,
				ED9226242A65316400734372 /* MetricOperator.swift in Sources */,
				EDEDB6182A659F4E005C670A /* ObjCMetricsClient.swift in Sources */,
				ED9226252A65316400734372 /* LabelOperator.swift in Sources */,
				ED9226262A65316400734372 /* ObjCConfiguration.swift in Sources */,
				ED9226272A65316400734372 /* MetricsUploader.swift in Sources */,
				ED9226282A65316400734372 /* Configuration.swift in Sources */,
				ED9226292A65316400734372 /* Metric.swift in Sources */,
				ED92262A2A65316400734372 /* Database.swift in Sources */,
				ED92262B2A65316400734372 /* API.swift in Sources */,
				ED92262C2A65316400734372 /* ServiceManager.swift in Sources */,
				ED92262D2A65316400734372 /* ServiceType.swift in Sources */,
				EDEDB61D2A659FF5005C670A /* ObjCMetric.swift in Sources */,
			);
			runOnlyForDeploymentPostprocessing = 0;
		};
		ED9226392A65317B00734372 /* Sources */ = {
			isa = PBXSourcesBuildPhase;
			buildActionMask = 2147483647;
			files = (
				ED92263A2A65317B00734372 /* MetricsClient.swift in Sources */,
				ED92263B2A65317B00734372 /* MetricOperator.swift in Sources */,
				EDEDB6162A659F4E005C670A /* ObjCMetricsClient.swift in Sources */,
				ED92263C2A65317B00734372 /* LabelOperator.swift in Sources */,
				ED92263D2A65317B00734372 /* ObjCConfiguration.swift in Sources */,
				ED92263E2A65317B00734372 /* MetricsUploader.swift in Sources */,
				ED92263F2A65317B00734372 /* Configuration.swift in Sources */,
				ED9226402A65317B00734372 /* Metric.swift in Sources */,
				ED9226412A65317B00734372 /* Database.swift in Sources */,
				ED9226422A65317B00734372 /* API.swift in Sources */,
				ED9226432A65317B00734372 /* ServiceManager.swift in Sources */,
				ED9226442A65317B00734372 /* ServiceType.swift in Sources */,
				EDEDB61B2A659FF5005C670A /* ObjCMetric.swift in Sources */,
			);
			runOnlyForDeploymentPostprocessing = 0;
		};
		EDEDB5C42A6578B0005C670A /* Sources */ = {
			isa = PBXSourcesBuildPhase;
			buildActionMask = 2147483647;
			files = (
				EDEDB5D42A6578C7005C670A /* MockURLProtocol.swift in Sources */,
				EDEDB5D32A6578C7005C670A /* DatabaseTests.swift in Sources */,
				EDEDB5D82A6578C7005C670A /* ServiceManagerTests.swift in Sources */,
				EDEDB5D92A6578C7005C670A /* MetricsUploaderTests.swift in Sources */,
				EDEDB5D62A6578C7005C670A /* ModelTests.swift in Sources */,
				EDEDB5D72A6578C7005C670A /* LabelOperatorTests.swift in Sources */,
				EDEDB5D52A6578C7005C670A /* MetricOperatorTests.swift in Sources */,
				EDEDB62E2A666C9F005C670A /* ObjCTests.swift in Sources */,
			);
			runOnlyForDeploymentPostprocessing = 0;
		};
		EDEDB5DA2A6579CE005C670A /* Sources */ = {
			isa = PBXSourcesBuildPhase;
			buildActionMask = 2147483647;
			files = (
				EDEDB60A2A657CA8005C670A /* MetricsUploaderTests.swift in Sources */,
				EDEDB6092A657CA8005C670A /* DatabaseTests.swift in Sources */,
				EDEDB6062A657CA8005C670A /* ModelTests.swift in Sources */,
				EDEDB6042A657CA8005C670A /* LabelOperatorTests.swift in Sources */,
				EDEDB6082A657CA8005C670A /* MetricOperatorTests.swift in Sources */,
				EDEDB6072A657CA8005C670A /* ServiceManagerTests.swift in Sources */,
				EDEDB60B2A657CA8005C670A /* MockURLProtocol.swift in Sources */,
				EDEDB62F2A666C9F005C670A /* ObjCTests.swift in Sources */,
			);
			runOnlyForDeploymentPostprocessing = 0;
		};
		EDEDB5E82A6579F6005C670A /* Sources */ = {
			isa = PBXSourcesBuildPhase;
			buildActionMask = 2147483647;
			files = (
				EDEDB6122A657CA9005C670A /* MetricsUploaderTests.swift in Sources */,
				EDEDB6112A657CA9005C670A /* DatabaseTests.swift in Sources */,
				EDEDB60E2A657CA9005C670A /* ModelTests.swift in Sources */,
				EDEDB60C2A657CA9005C670A /* LabelOperatorTests.swift in Sources */,
				EDEDB6102A657CA9005C670A /* MetricOperatorTests.swift in Sources */,
				EDEDB60F2A657CA9005C670A /* ServiceManagerTests.swift in Sources */,
				EDEDB6132A657CA9005C670A /* MockURLProtocol.swift in Sources */,
				EDEDB6302A666C9F005C670A /* ObjCTests.swift in Sources */,
			);
			runOnlyForDeploymentPostprocessing = 0;
		};
		EDEDB61E2A66523E005C670A /* Sources */ = {
			isa = PBXSourcesBuildPhase;
			buildActionMask = 2147483647;
			files = (
				EDEDB62D2A666C9F005C670A /* ObjCTests.swift in Sources */,
			);
			runOnlyForDeploymentPostprocessing = 0;
		};
/* End PBXSourcesBuildPhase section */

/* Begin PBXTargetDependency section */
		EDEDB5CE2A6578B1005C670A /* PBXTargetDependency */ = {
			isa = PBXTargetDependency;
			target = ED92261E2A65316400734372 /* MetricsReporter-watchOS */;
			targetProxy = EDEDB5CD2A6578B1005C670A /* PBXContainerItemProxy */;
		};
		EDEDB5E42A6579CF005C670A /* PBXTargetDependency */ = {
			isa = PBXTargetDependency;
			target = ED9226072A65313B00734372 /* MetricsReporter-tvOS */;
			targetProxy = EDEDB5E32A6579CF005C670A /* PBXContainerItemProxy */;
		};
		EDEDB5F22A6579F6005C670A /* PBXTargetDependency */ = {
			isa = PBXTargetDependency;
			target = ED9226352A65317B00734372 /* MetricsReporter-macOS */;
			targetProxy = EDEDB5F12A6579F6005C670A /* PBXContainerItemProxy */;
		};
		EDEDB6282A66523F005C670A /* PBXTargetDependency */ = {
			isa = PBXTargetDependency;
			target = ED74EF432A5D8AE70075C583 /* MetricsReporter-iOS */;
			targetProxy = EDEDB6272A66523F005C670A /* PBXContainerItemProxy */;
		};
/* End PBXTargetDependency section */

/* Begin XCBuildConfiguration section */
		ED74EF542A5D8AE70075C583 /* Debug */ = {
			isa = XCBuildConfiguration;
			buildSettings = {
				ALWAYS_SEARCH_USER_PATHS = NO;
				CLANG_ANALYZER_NONNULL = YES;
				CLANG_ANALYZER_NUMBER_OBJECT_CONVERSION = YES_AGGRESSIVE;
				CLANG_CXX_LANGUAGE_STANDARD = "gnu++20";
				CLANG_ENABLE_MODULES = YES;
				CLANG_ENABLE_OBJC_ARC = YES;
				CLANG_ENABLE_OBJC_WEAK = YES;
				CLANG_WARN_BLOCK_CAPTURE_AUTORELEASING = YES;
				CLANG_WARN_BOOL_CONVERSION = YES;
				CLANG_WARN_COMMA = YES;
				CLANG_WARN_CONSTANT_CONVERSION = YES;
				CLANG_WARN_DEPRECATED_OBJC_IMPLEMENTATIONS = YES;
				CLANG_WARN_DIRECT_OBJC_ISA_USAGE = YES_ERROR;
				CLANG_WARN_DOCUMENTATION_COMMENTS = YES;
				CLANG_WARN_EMPTY_BODY = YES;
				CLANG_WARN_ENUM_CONVERSION = YES;
				CLANG_WARN_INFINITE_RECURSION = YES;
				CLANG_WARN_INT_CONVERSION = YES;
				CLANG_WARN_NON_LITERAL_NULL_CONVERSION = YES;
				CLANG_WARN_OBJC_IMPLICIT_RETAIN_SELF = YES;
				CLANG_WARN_OBJC_LITERAL_CONVERSION = YES;
				CLANG_WARN_OBJC_ROOT_CLASS = YES_ERROR;
				CLANG_WARN_QUOTED_INCLUDE_IN_FRAMEWORK_HEADER = YES;
				CLANG_WARN_RANGE_LOOP_ANALYSIS = YES;
				CLANG_WARN_STRICT_PROTOTYPES = YES;
				CLANG_WARN_SUSPICIOUS_MOVE = YES;
				CLANG_WARN_UNGUARDED_AVAILABILITY = YES_AGGRESSIVE;
				CLANG_WARN_UNREACHABLE_CODE = YES;
				CLANG_WARN__DUPLICATE_METHOD_MATCH = YES;
				COPY_PHASE_STRIP = NO;
				CURRENT_PROJECT_VERSION = 1;
				DEBUG_INFORMATION_FORMAT = dwarf;
				ENABLE_STRICT_OBJC_MSGSEND = YES;
				ENABLE_TESTABILITY = YES;
				GCC_C_LANGUAGE_STANDARD = gnu11;
				GCC_DYNAMIC_NO_PIC = NO;
				GCC_NO_COMMON_BLOCKS = YES;
				GCC_OPTIMIZATION_LEVEL = 0;
				GCC_PREPROCESSOR_DEFINITIONS = (
					"DEBUG=1",
					"$(inherited)",
				);
				GCC_WARN_64_TO_32_BIT_CONVERSION = YES;
				GCC_WARN_ABOUT_RETURN_TYPE = YES_ERROR;
				GCC_WARN_UNDECLARED_SELECTOR = YES;
				GCC_WARN_UNINITIALIZED_AUTOS = YES_AGGRESSIVE;
				GCC_WARN_UNUSED_FUNCTION = YES;
				GCC_WARN_UNUSED_VARIABLE = YES;
				IPHONEOS_DEPLOYMENT_TARGET = 12.0;
				MACOSX_DEPLOYMENT_TARGET = 10.13;
				MTL_ENABLE_DEBUG_INFO = INCLUDE_SOURCE;
				MTL_FAST_MATH = YES;
				ONLY_ACTIVE_ARCH = YES;
				SDKROOT = iphoneos;
				SWIFT_ACTIVE_COMPILATION_CONDITIONS = DEBUG;
				SWIFT_OPTIMIZATION_LEVEL = "-Onone";
				TVOS_DEPLOYMENT_TARGET = 11.0;
				VERSIONING_SYSTEM = "apple-generic";
				VERSION_INFO_PREFIX = "";
				WATCHOS_DEPLOYMENT_TARGET = 7.0;
			};
			name = Debug;
		};
		ED74EF552A5D8AE70075C583 /* Release */ = {
			isa = XCBuildConfiguration;
			buildSettings = {
				ALWAYS_SEARCH_USER_PATHS = NO;
				CLANG_ANALYZER_NONNULL = YES;
				CLANG_ANALYZER_NUMBER_OBJECT_CONVERSION = YES_AGGRESSIVE;
				CLANG_CXX_LANGUAGE_STANDARD = "gnu++20";
				CLANG_ENABLE_MODULES = YES;
				CLANG_ENABLE_OBJC_ARC = YES;
				CLANG_ENABLE_OBJC_WEAK = YES;
				CLANG_WARN_BLOCK_CAPTURE_AUTORELEASING = YES;
				CLANG_WARN_BOOL_CONVERSION = YES;
				CLANG_WARN_COMMA = YES;
				CLANG_WARN_CONSTANT_CONVERSION = YES;
				CLANG_WARN_DEPRECATED_OBJC_IMPLEMENTATIONS = YES;
				CLANG_WARN_DIRECT_OBJC_ISA_USAGE = YES_ERROR;
				CLANG_WARN_DOCUMENTATION_COMMENTS = YES;
				CLANG_WARN_EMPTY_BODY = YES;
				CLANG_WARN_ENUM_CONVERSION = YES;
				CLANG_WARN_INFINITE_RECURSION = YES;
				CLANG_WARN_INT_CONVERSION = YES;
				CLANG_WARN_NON_LITERAL_NULL_CONVERSION = YES;
				CLANG_WARN_OBJC_IMPLICIT_RETAIN_SELF = YES;
				CLANG_WARN_OBJC_LITERAL_CONVERSION = YES;
				CLANG_WARN_OBJC_ROOT_CLASS = YES_ERROR;
				CLANG_WARN_QUOTED_INCLUDE_IN_FRAMEWORK_HEADER = YES;
				CLANG_WARN_RANGE_LOOP_ANALYSIS = YES;
				CLANG_WARN_STRICT_PROTOTYPES = YES;
				CLANG_WARN_SUSPICIOUS_MOVE = YES;
				CLANG_WARN_UNGUARDED_AVAILABILITY = YES_AGGRESSIVE;
				CLANG_WARN_UNREACHABLE_CODE = YES;
				CLANG_WARN__DUPLICATE_METHOD_MATCH = YES;
				COPY_PHASE_STRIP = NO;
				CURRENT_PROJECT_VERSION = 1;
				DEBUG_INFORMATION_FORMAT = "dwarf-with-dsym";
				ENABLE_NS_ASSERTIONS = NO;
				ENABLE_STRICT_OBJC_MSGSEND = YES;
				GCC_C_LANGUAGE_STANDARD = gnu11;
				GCC_NO_COMMON_BLOCKS = YES;
				GCC_WARN_64_TO_32_BIT_CONVERSION = YES;
				GCC_WARN_ABOUT_RETURN_TYPE = YES_ERROR;
				GCC_WARN_UNDECLARED_SELECTOR = YES;
				GCC_WARN_UNINITIALIZED_AUTOS = YES_AGGRESSIVE;
				GCC_WARN_UNUSED_FUNCTION = YES;
				GCC_WARN_UNUSED_VARIABLE = YES;
				IPHONEOS_DEPLOYMENT_TARGET = 12.0;
				MACOSX_DEPLOYMENT_TARGET = 10.13;
				MTL_ENABLE_DEBUG_INFO = NO;
				MTL_FAST_MATH = YES;
				SDKROOT = iphoneos;
				SWIFT_COMPILATION_MODE = wholemodule;
				SWIFT_OPTIMIZATION_LEVEL = "-O";
				TVOS_DEPLOYMENT_TARGET = 11.0;
				VALIDATE_PRODUCT = YES;
				VERSIONING_SYSTEM = "apple-generic";
				VERSION_INFO_PREFIX = "";
				WATCHOS_DEPLOYMENT_TARGET = 7.0;
			};
			name = Release;
		};
		ED74EF572A5D8AE70075C583 /* Debug */ = {
			isa = XCBuildConfiguration;
			baseConfigurationReference = D41DF0586EE80EB2561677EB /* Pods-MetricsReporter-iOS.debug.xcconfig */;
			buildSettings = {
				ALWAYS_EMBED_SWIFT_STANDARD_LIBRARIES = NO;
				CODE_SIGN_STYLE = Automatic;
				CURRENT_PROJECT_VERSION = 1;
				DEFINES_MODULE = YES;
				DEVELOPMENT_TEAM = WPX9KRKA8B;
				DYLIB_COMPATIBILITY_VERSION = 1;
				DYLIB_CURRENT_VERSION = 1;
				DYLIB_INSTALL_NAME_BASE = "@rpath";
				ENABLE_MODULE_VERIFIER = YES;
				GENERATE_INFOPLIST_FILE = YES;
				INFOPLIST_KEY_NSHumanReadableCopyright = "";
				INSTALL_PATH = "$(LOCAL_LIBRARY_DIR)/Frameworks";
				LD_RUNPATH_SEARCH_PATHS = (
					"$(inherited)",
					"@executable_path/Frameworks",
					"@loader_path/Frameworks",
				);
				MARKETING_VERSION = 1.0;
				MODULE_VERIFIER_SUPPORTED_LANGUAGES = "objective-c objective-c++";
				MODULE_VERIFIER_SUPPORTED_LANGUAGE_STANDARDS = "gnu11 gnu++20";
				PRODUCT_BUNDLE_IDENTIFIER = com.rudderstack.MetricsReporter;
				PRODUCT_NAME = "$(TARGET_NAME:c99extidentifier)";
				SKIP_INSTALL = YES;
				SUPPORTED_PLATFORMS = "iphonesimulator iphoneos";
				SWIFT_EMIT_LOC_STRINGS = YES;
				SWIFT_VERSION = 5.0;
				TARGETED_DEVICE_FAMILY = "1,2";
			};
			name = Debug;
		};
		ED74EF582A5D8AE70075C583 /* Release */ = {
			isa = XCBuildConfiguration;
			baseConfigurationReference = D56B94520E8A85470FE619A7 /* Pods-MetricsReporter-iOS.release.xcconfig */;
			buildSettings = {
				ALWAYS_EMBED_SWIFT_STANDARD_LIBRARIES = NO;
				CODE_SIGN_STYLE = Automatic;
				CURRENT_PROJECT_VERSION = 1;
				DEFINES_MODULE = YES;
				DEVELOPMENT_TEAM = WPX9KRKA8B;
				DYLIB_COMPATIBILITY_VERSION = 1;
				DYLIB_CURRENT_VERSION = 1;
				DYLIB_INSTALL_NAME_BASE = "@rpath";
				ENABLE_MODULE_VERIFIER = YES;
				GENERATE_INFOPLIST_FILE = YES;
				INFOPLIST_KEY_NSHumanReadableCopyright = "";
				INSTALL_PATH = "$(LOCAL_LIBRARY_DIR)/Frameworks";
				LD_RUNPATH_SEARCH_PATHS = (
					"$(inherited)",
					"@executable_path/Frameworks",
					"@loader_path/Frameworks",
				);
				MARKETING_VERSION = 1.0;
				MODULE_VERIFIER_SUPPORTED_LANGUAGES = "objective-c objective-c++";
				MODULE_VERIFIER_SUPPORTED_LANGUAGE_STANDARDS = "gnu11 gnu++20";
				PRODUCT_BUNDLE_IDENTIFIER = com.rudderstack.MetricsReporter;
				PRODUCT_NAME = "$(TARGET_NAME:c99extidentifier)";
				SKIP_INSTALL = YES;
				SUPPORTED_PLATFORMS = "iphonesimulator iphoneos";
				SWIFT_EMIT_LOC_STRINGS = YES;
				SWIFT_VERSION = 5.0;
				TARGETED_DEVICE_FAMILY = "1,2";
			};
			name = Release;
		};
		ED92261B2A65313B00734372 /* Debug */ = {
			isa = XCBuildConfiguration;
			baseConfigurationReference = E9E6085A404B4EABACF9C653 /* Pods-MetricsReporter-tvOS.debug.xcconfig */;
			buildSettings = {
				ALWAYS_EMBED_SWIFT_STANDARD_LIBRARIES = NO;
				CODE_SIGN_STYLE = Automatic;
				CURRENT_PROJECT_VERSION = 1;
				DEFINES_MODULE = YES;
				DEVELOPMENT_TEAM = WPX9KRKA8B;
				DYLIB_COMPATIBILITY_VERSION = 1;
				DYLIB_CURRENT_VERSION = 1;
				DYLIB_INSTALL_NAME_BASE = "@rpath";
				ENABLE_MODULE_VERIFIER = YES;
				GENERATE_INFOPLIST_FILE = YES;
				INFOPLIST_KEY_NSHumanReadableCopyright = "";
				INSTALL_PATH = "$(LOCAL_LIBRARY_DIR)/Frameworks";
				LD_RUNPATH_SEARCH_PATHS = (
					"$(inherited)",
					"@executable_path/Frameworks",
					"@loader_path/Frameworks",
				);
				MARKETING_VERSION = 1.0;
				MODULE_VERIFIER_SUPPORTED_LANGUAGES = "objective-c objective-c++";
				MODULE_VERIFIER_SUPPORTED_LANGUAGE_STANDARDS = "gnu11 gnu++20";
				PRODUCT_BUNDLE_IDENTIFIER = com.rudderstack.MetricsReporter;
				PRODUCT_NAME = "$(TARGET_NAME:c99extidentifier)";
				SDKROOT = appletvos;
				SKIP_INSTALL = YES;
				SUPPORTED_PLATFORMS = "appletvsimulator appletvos";
				SWIFT_EMIT_LOC_STRINGS = YES;
				SWIFT_VERSION = 5.0;
				TARGETED_DEVICE_FAMILY = 3;
			};
			name = Debug;
		};
		ED92261C2A65313B00734372 /* Release */ = {
			isa = XCBuildConfiguration;
			baseConfigurationReference = 04B80CC89137692A23D2A3AE /* Pods-MetricsReporter-tvOS.release.xcconfig */;
			buildSettings = {
				ALWAYS_EMBED_SWIFT_STANDARD_LIBRARIES = NO;
				CODE_SIGN_STYLE = Automatic;
				CURRENT_PROJECT_VERSION = 1;
				DEFINES_MODULE = YES;
				DEVELOPMENT_TEAM = WPX9KRKA8B;
				DYLIB_COMPATIBILITY_VERSION = 1;
				DYLIB_CURRENT_VERSION = 1;
				DYLIB_INSTALL_NAME_BASE = "@rpath";
				ENABLE_MODULE_VERIFIER = YES;
				GENERATE_INFOPLIST_FILE = YES;
				INFOPLIST_KEY_NSHumanReadableCopyright = "";
				INSTALL_PATH = "$(LOCAL_LIBRARY_DIR)/Frameworks";
				LD_RUNPATH_SEARCH_PATHS = (
					"$(inherited)",
					"@executable_path/Frameworks",
					"@loader_path/Frameworks",
				);
				MARKETING_VERSION = 1.0;
				MODULE_VERIFIER_SUPPORTED_LANGUAGES = "objective-c objective-c++";
				MODULE_VERIFIER_SUPPORTED_LANGUAGE_STANDARDS = "gnu11 gnu++20";
				PRODUCT_BUNDLE_IDENTIFIER = com.rudderstack.MetricsReporter;
				PRODUCT_NAME = "$(TARGET_NAME:c99extidentifier)";
				SDKROOT = appletvos;
				SKIP_INSTALL = YES;
				SUPPORTED_PLATFORMS = "appletvsimulator appletvos";
				SWIFT_EMIT_LOC_STRINGS = YES;
				SWIFT_VERSION = 5.0;
				TARGETED_DEVICE_FAMILY = 3;
			};
			name = Release;
		};
		ED9226322A65316400734372 /* Debug */ = {
			isa = XCBuildConfiguration;
			baseConfigurationReference = 27050CE68E2A3E416087223F /* Pods-MetricsReporter-watchOS.debug.xcconfig */;
			buildSettings = {
				ALWAYS_EMBED_SWIFT_STANDARD_LIBRARIES = NO;
				CODE_SIGN_STYLE = Automatic;
				CURRENT_PROJECT_VERSION = 1;
				DEFINES_MODULE = YES;
				DEVELOPMENT_TEAM = WPX9KRKA8B;
				DYLIB_COMPATIBILITY_VERSION = 1;
				DYLIB_CURRENT_VERSION = 1;
				DYLIB_INSTALL_NAME_BASE = "@rpath";
				ENABLE_MODULE_VERIFIER = YES;
				GENERATE_INFOPLIST_FILE = YES;
				INFOPLIST_KEY_NSHumanReadableCopyright = "";
				INSTALL_PATH = "$(LOCAL_LIBRARY_DIR)/Frameworks";
				LD_RUNPATH_SEARCH_PATHS = (
					"$(inherited)",
					"@executable_path/Frameworks",
					"@loader_path/Frameworks",
				);
				MARKETING_VERSION = 1.0;
				MODULE_VERIFIER_SUPPORTED_LANGUAGES = "objective-c objective-c++";
				MODULE_VERIFIER_SUPPORTED_LANGUAGE_STANDARDS = "gnu11 gnu++20";
				PRODUCT_BUNDLE_IDENTIFIER = com.rudderstack.MetricsReporter;
				PRODUCT_NAME = "$(TARGET_NAME:c99extidentifier)";
				SDKROOT = watchos;
				SKIP_INSTALL = YES;
				SUPPORTED_PLATFORMS = "watchsimulator watchos";
				SWIFT_EMIT_LOC_STRINGS = YES;
				SWIFT_VERSION = 5.0;
				TARGETED_DEVICE_FAMILY = 4;
			};
			name = Debug;
		};
		ED9226332A65316400734372 /* Release */ = {
			isa = XCBuildConfiguration;
			baseConfigurationReference = CF921537B754B1737964C539 /* Pods-MetricsReporter-watchOS.release.xcconfig */;
			buildSettings = {
				ALWAYS_EMBED_SWIFT_STANDARD_LIBRARIES = NO;
				CODE_SIGN_STYLE = Automatic;
				CURRENT_PROJECT_VERSION = 1;
				DEFINES_MODULE = YES;
				DEVELOPMENT_TEAM = WPX9KRKA8B;
				DYLIB_COMPATIBILITY_VERSION = 1;
				DYLIB_CURRENT_VERSION = 1;
				DYLIB_INSTALL_NAME_BASE = "@rpath";
				ENABLE_MODULE_VERIFIER = YES;
				GENERATE_INFOPLIST_FILE = YES;
				INFOPLIST_KEY_NSHumanReadableCopyright = "";
				INSTALL_PATH = "$(LOCAL_LIBRARY_DIR)/Frameworks";
				LD_RUNPATH_SEARCH_PATHS = (
					"$(inherited)",
					"@executable_path/Frameworks",
					"@loader_path/Frameworks",
				);
				MARKETING_VERSION = 1.0;
				MODULE_VERIFIER_SUPPORTED_LANGUAGES = "objective-c objective-c++";
				MODULE_VERIFIER_SUPPORTED_LANGUAGE_STANDARDS = "gnu11 gnu++20";
				PRODUCT_BUNDLE_IDENTIFIER = com.rudderstack.MetricsReporter;
				PRODUCT_NAME = "$(TARGET_NAME:c99extidentifier)";
				SDKROOT = watchos;
				SKIP_INSTALL = YES;
				SUPPORTED_PLATFORMS = "watchsimulator watchos";
				SWIFT_EMIT_LOC_STRINGS = YES;
				SWIFT_VERSION = 5.0;
				TARGETED_DEVICE_FAMILY = 4;
			};
			name = Release;
		};
		ED9226492A65317B00734372 /* Debug */ = {
			isa = XCBuildConfiguration;
			baseConfigurationReference = FD78E1E1915850C6EB6D5B77 /* Pods-MetricsReporter-macOS.debug.xcconfig */;
			buildSettings = {
				ALWAYS_EMBED_SWIFT_STANDARD_LIBRARIES = NO;
				CODE_SIGN_STYLE = Automatic;
				CURRENT_PROJECT_VERSION = 1;
				DEFINES_MODULE = YES;
				DEVELOPMENT_TEAM = WPX9KRKA8B;
				DYLIB_COMPATIBILITY_VERSION = 1;
				DYLIB_CURRENT_VERSION = 1;
				DYLIB_INSTALL_NAME_BASE = "@rpath";
				ENABLE_MODULE_VERIFIER = YES;
				GENERATE_INFOPLIST_FILE = YES;
				INFOPLIST_KEY_NSHumanReadableCopyright = "";
				INSTALL_PATH = "$(LOCAL_LIBRARY_DIR)/Frameworks";
				LD_RUNPATH_SEARCH_PATHS = (
					"$(inherited)",
					"@executable_path/Frameworks",
					"@loader_path/Frameworks",
				);
				MARKETING_VERSION = 1.0;
				MODULE_VERIFIER_SUPPORTED_LANGUAGES = "objective-c objective-c++";
				MODULE_VERIFIER_SUPPORTED_LANGUAGE_STANDARDS = "gnu11 gnu++20";
				PRODUCT_BUNDLE_IDENTIFIER = com.rudderstack.MetricsReporter;
				PRODUCT_NAME = "$(TARGET_NAME:c99extidentifier)";
				SDKROOT = macosx;
				SKIP_INSTALL = YES;
				SUPPORTED_PLATFORMS = macosx;
				SWIFT_EMIT_LOC_STRINGS = YES;
				SWIFT_VERSION = 5.0;
				TARGETED_DEVICE_FAMILY = 6;
			};
			name = Debug;
		};
		ED92264A2A65317B00734372 /* Release */ = {
			isa = XCBuildConfiguration;
			baseConfigurationReference = 4F6D896AB798876A83A20901 /* Pods-MetricsReporter-macOS.release.xcconfig */;
			buildSettings = {
				ALWAYS_EMBED_SWIFT_STANDARD_LIBRARIES = NO;
				CODE_SIGN_STYLE = Automatic;
				CURRENT_PROJECT_VERSION = 1;
				DEFINES_MODULE = YES;
				DEVELOPMENT_TEAM = WPX9KRKA8B;
				DYLIB_COMPATIBILITY_VERSION = 1;
				DYLIB_CURRENT_VERSION = 1;
				DYLIB_INSTALL_NAME_BASE = "@rpath";
				ENABLE_MODULE_VERIFIER = YES;
				GENERATE_INFOPLIST_FILE = YES;
				INFOPLIST_KEY_NSHumanReadableCopyright = "";
				INSTALL_PATH = "$(LOCAL_LIBRARY_DIR)/Frameworks";
				LD_RUNPATH_SEARCH_PATHS = (
					"$(inherited)",
					"@executable_path/Frameworks",
					"@loader_path/Frameworks",
				);
				MARKETING_VERSION = 1.0;
				MODULE_VERIFIER_SUPPORTED_LANGUAGES = "objective-c objective-c++";
				MODULE_VERIFIER_SUPPORTED_LANGUAGE_STANDARDS = "gnu11 gnu++20";
				PRODUCT_BUNDLE_IDENTIFIER = com.rudderstack.MetricsReporter;
				PRODUCT_NAME = "$(TARGET_NAME:c99extidentifier)";
				SDKROOT = macosx;
				SKIP_INSTALL = YES;
				SUPPORTED_PLATFORMS = macosx;
				SWIFT_EMIT_LOC_STRINGS = YES;
				SWIFT_VERSION = 5.0;
				TARGETED_DEVICE_FAMILY = 6;
			};
			name = Release;
		};
		EDEDB5D02A6578B1005C670A /* Debug */ = {
			isa = XCBuildConfiguration;
			baseConfigurationReference = 3C5984406A72FB13647548EF /* Pods-MetricsReporterTests-watchOS.debug.xcconfig */;
			buildSettings = {
				CODE_SIGN_STYLE = Automatic;
				CURRENT_PROJECT_VERSION = 1;
				DEVELOPMENT_TEAM = WPX9KRKA8B;
				GENERATE_INFOPLIST_FILE = YES;
				MARKETING_VERSION = 1.0;
				PRODUCT_BUNDLE_IDENTIFIER = "com.rudderstack.MetricsReporterTests-watchOS";
				PRODUCT_NAME = "$(TARGET_NAME)";
				SDKROOT = watchos;
				SWIFT_EMIT_LOC_STRINGS = NO;
				SWIFT_VERSION = 5.0;
				TARGETED_DEVICE_FAMILY = 4;
				WATCHOS_DEPLOYMENT_TARGET = 7.0;
			};
			name = Debug;
		};
		EDEDB5D12A6578B1005C670A /* Release */ = {
			isa = XCBuildConfiguration;
			baseConfigurationReference = 18854D1A0F16D83D6D35F7BD /* Pods-MetricsReporterTests-watchOS.release.xcconfig */;
			buildSettings = {
				CODE_SIGN_STYLE = Automatic;
				CURRENT_PROJECT_VERSION = 1;
				DEVELOPMENT_TEAM = WPX9KRKA8B;
				GENERATE_INFOPLIST_FILE = YES;
				MARKETING_VERSION = 1.0;
				PRODUCT_BUNDLE_IDENTIFIER = "com.rudderstack.MetricsReporterTests-watchOS";
				PRODUCT_NAME = "$(TARGET_NAME)";
				SDKROOT = watchos;
				SWIFT_EMIT_LOC_STRINGS = NO;
				SWIFT_VERSION = 5.0;
				TARGETED_DEVICE_FAMILY = 4;
				WATCHOS_DEPLOYMENT_TARGET = 7.0;
			};
			name = Release;
		};
		EDEDB5E62A6579CF005C670A /* Debug */ = {
			isa = XCBuildConfiguration;
			baseConfigurationReference = 5AF92FBA9F461E225F64E70F /* Pods-MetricsReporterTests-tvOS.debug.xcconfig */;
			buildSettings = {
				CODE_SIGN_STYLE = Automatic;
				CURRENT_PROJECT_VERSION = 1;
				DEVELOPMENT_TEAM = WPX9KRKA8B;
				GENERATE_INFOPLIST_FILE = YES;
				MARKETING_VERSION = 1.0;
				PRODUCT_BUNDLE_IDENTIFIER = "com.rudderstack.MetricsReporterTests-tvOS";
				PRODUCT_NAME = "$(TARGET_NAME)";
				SDKROOT = appletvos;
				SWIFT_EMIT_LOC_STRINGS = NO;
				SWIFT_VERSION = 5.0;
				TARGETED_DEVICE_FAMILY = 3;
				TVOS_DEPLOYMENT_TARGET = 11.0;
			};
			name = Debug;
		};
		EDEDB5E72A6579CF005C670A /* Release */ = {
			isa = XCBuildConfiguration;
			baseConfigurationReference = 0F7B90A3E84FCC6CD1611FEF /* Pods-MetricsReporterTests-tvOS.release.xcconfig */;
			buildSettings = {
				CODE_SIGN_STYLE = Automatic;
				CURRENT_PROJECT_VERSION = 1;
				DEVELOPMENT_TEAM = WPX9KRKA8B;
				GENERATE_INFOPLIST_FILE = YES;
				MARKETING_VERSION = 1.0;
				PRODUCT_BUNDLE_IDENTIFIER = "com.rudderstack.MetricsReporterTests-tvOS";
				PRODUCT_NAME = "$(TARGET_NAME)";
				SDKROOT = appletvos;
				SWIFT_EMIT_LOC_STRINGS = NO;
				SWIFT_VERSION = 5.0;
				TARGETED_DEVICE_FAMILY = 3;
				TVOS_DEPLOYMENT_TARGET = 11.0;
			};
			name = Release;
		};
		EDEDB5F42A6579F6005C670A /* Debug */ = {
			isa = XCBuildConfiguration;
			baseConfigurationReference = CA511DA26A2FE6C809AEB52B /* Pods-MetricsReporterTests-macOS.debug.xcconfig */;
			buildSettings = {
				CODE_SIGN_STYLE = Automatic;
				CURRENT_PROJECT_VERSION = 1;
				DEVELOPMENT_TEAM = WPX9KRKA8B;
				GENERATE_INFOPLIST_FILE = YES;
				MACOSX_DEPLOYMENT_TARGET = 10.13;
				MARKETING_VERSION = 1.0;
				PRODUCT_BUNDLE_IDENTIFIER = "com.rudderstack.MetricsReporterTests-macOS";
				PRODUCT_NAME = "$(TARGET_NAME)";
				SDKROOT = macosx;
				SWIFT_EMIT_LOC_STRINGS = NO;
				SWIFT_VERSION = 5.0;
			};
			name = Debug;
		};
		EDEDB5F52A6579F6005C670A /* Release */ = {
			isa = XCBuildConfiguration;
			baseConfigurationReference = 698D95BDFC68B78B7F9E66FA /* Pods-MetricsReporterTests-macOS.release.xcconfig */;
			buildSettings = {
				CODE_SIGN_STYLE = Automatic;
				CURRENT_PROJECT_VERSION = 1;
				DEVELOPMENT_TEAM = WPX9KRKA8B;
				GENERATE_INFOPLIST_FILE = YES;
				MACOSX_DEPLOYMENT_TARGET = 10.13;
				MARKETING_VERSION = 1.0;
				PRODUCT_BUNDLE_IDENTIFIER = "com.rudderstack.MetricsReporterTests-macOS";
				PRODUCT_NAME = "$(TARGET_NAME)";
				SDKROOT = macosx;
				SWIFT_EMIT_LOC_STRINGS = NO;
				SWIFT_VERSION = 5.0;
			};
			name = Release;
		};
		EDEDB62A2A66523F005C670A /* Debug */ = {
			isa = XCBuildConfiguration;
			baseConfigurationReference = A13025875389B6CB21352C2D /* Pods-MetricsReporterTests-iOS.debug.xcconfig */;
			buildSettings = {
				CLANG_ENABLE_MODULES = YES;
				CODE_SIGN_STYLE = Automatic;
				CURRENT_PROJECT_VERSION = 1;
				DEVELOPMENT_TEAM = WPX9KRKA8B;
				GENERATE_INFOPLIST_FILE = YES;
				IPHONEOS_DEPLOYMENT_TARGET = 12.0;
				MARKETING_VERSION = 1.0;
				PRODUCT_BUNDLE_IDENTIFIER = "com.rudderstack.MetricsReporterTests-iOS";
				PRODUCT_NAME = "$(TARGET_NAME)";
				SWIFT_EMIT_LOC_STRINGS = NO;
				SWIFT_OPTIMIZATION_LEVEL = "-Onone";
				SWIFT_VERSION = 5.0;
				TARGETED_DEVICE_FAMILY = "1,2";
			};
			name = Debug;
		};
		EDEDB62B2A66523F005C670A /* Release */ = {
			isa = XCBuildConfiguration;
			baseConfigurationReference = 6EA6BF59F7BDF83A3467BBD7 /* Pods-MetricsReporterTests-iOS.release.xcconfig */;
			buildSettings = {
				CLANG_ENABLE_MODULES = YES;
				CODE_SIGN_STYLE = Automatic;
				CURRENT_PROJECT_VERSION = 1;
				DEVELOPMENT_TEAM = WPX9KRKA8B;
				GENERATE_INFOPLIST_FILE = YES;
				IPHONEOS_DEPLOYMENT_TARGET = 12.0;
				MARKETING_VERSION = 1.0;
				PRODUCT_BUNDLE_IDENTIFIER = "com.rudderstack.MetricsReporterTests-iOS";
				PRODUCT_NAME = "$(TARGET_NAME)";
				SWIFT_EMIT_LOC_STRINGS = NO;
				SWIFT_VERSION = 5.0;
				TARGETED_DEVICE_FAMILY = "1,2";
			};
			name = Release;
		};
/* End XCBuildConfiguration section */

/* Begin XCConfigurationList section */
		ED74EF3E2A5D8AE70075C583 /* Build configuration list for PBXProject "MetricsReporter" */ = {
			isa = XCConfigurationList;
			buildConfigurations = (
				ED74EF542A5D8AE70075C583 /* Debug */,
				ED74EF552A5D8AE70075C583 /* Release */,
			);
			defaultConfigurationIsVisible = 0;
			defaultConfigurationName = Release;
		};
		ED74EF562A5D8AE70075C583 /* Build configuration list for PBXNativeTarget "MetricsReporter-iOS" */ = {
			isa = XCConfigurationList;
			buildConfigurations = (
				ED74EF572A5D8AE70075C583 /* Debug */,
				ED74EF582A5D8AE70075C583 /* Release */,
			);
			defaultConfigurationIsVisible = 0;
			defaultConfigurationName = Release;
		};
		ED92261A2A65313B00734372 /* Build configuration list for PBXNativeTarget "MetricsReporter-tvOS" */ = {
			isa = XCConfigurationList;
			buildConfigurations = (
				ED92261B2A65313B00734372 /* Debug */,
				ED92261C2A65313B00734372 /* Release */,
			);
			defaultConfigurationIsVisible = 0;
			defaultConfigurationName = Release;
		};
		ED9226312A65316400734372 /* Build configuration list for PBXNativeTarget "MetricsReporter-watchOS" */ = {
			isa = XCConfigurationList;
			buildConfigurations = (
				ED9226322A65316400734372 /* Debug */,
				ED9226332A65316400734372 /* Release */,
			);
			defaultConfigurationIsVisible = 0;
			defaultConfigurationName = Release;
		};
		ED9226482A65317B00734372 /* Build configuration list for PBXNativeTarget "MetricsReporter-macOS" */ = {
			isa = XCConfigurationList;
			buildConfigurations = (
				ED9226492A65317B00734372 /* Debug */,
				ED92264A2A65317B00734372 /* Release */,
			);
			defaultConfigurationIsVisible = 0;
			defaultConfigurationName = Release;
		};
		EDEDB5CF2A6578B1005C670A /* Build configuration list for PBXNativeTarget "MetricsReporterTests-watchOS" */ = {
			isa = XCConfigurationList;
			buildConfigurations = (
				EDEDB5D02A6578B1005C670A /* Debug */,
				EDEDB5D12A6578B1005C670A /* Release */,
			);
			defaultConfigurationIsVisible = 0;
			defaultConfigurationName = Release;
		};
		EDEDB5E52A6579CF005C670A /* Build configuration list for PBXNativeTarget "MetricsReporterTests-tvOS" */ = {
			isa = XCConfigurationList;
			buildConfigurations = (
				EDEDB5E62A6579CF005C670A /* Debug */,
				EDEDB5E72A6579CF005C670A /* Release */,
			);
			defaultConfigurationIsVisible = 0;
			defaultConfigurationName = Release;
		};
		EDEDB5F32A6579F6005C670A /* Build configuration list for PBXNativeTarget "MetricsReporterTests-macOS" */ = {
			isa = XCConfigurationList;
			buildConfigurations = (
				EDEDB5F42A6579F6005C670A /* Debug */,
				EDEDB5F52A6579F6005C670A /* Release */,
			);
			defaultConfigurationIsVisible = 0;
			defaultConfigurationName = Release;
		};
		EDEDB6292A66523F005C670A /* Build configuration list for PBXNativeTarget "MetricsReporterTests-iOS" */ = {
			isa = XCConfigurationList;
			buildConfigurations = (
				EDEDB62A2A66523F005C670A /* Debug */,
				EDEDB62B2A66523F005C670A /* Release */,
			);
			defaultConfigurationIsVisible = 0;
			defaultConfigurationName = Release;
		};
/* End XCConfigurationList section */
	};
	rootObject = ED74EF3B2A5D8AE70075C583 /* Project object */;
}
