// !$*UTF8*$!
{
	archiveVersion = 1;
	classes = {
	};
	objectVersion = 56;
	objects = {

/* Begin PBXBuildFile section */
		19A3EB8D755CAAAA0E5745B6 /* Pods_MetricsReporterTests.framework in Frameworks */ = {isa = PBXBuildFile; fileRef = BC4F993F199C9061090F9E83 /* Pods_MetricsReporterTests.framework */; };
		BC25050360F3B88D9412307C /* Pods_MetricsReporter_iOS.framework in Frameworks */ = {isa = PBXBuildFile; fileRef = F4D6215F475E02CEE3A0D2C9 /* Pods_MetricsReporter_iOS.framework */; };
		ED293DE02A44A59000BE3BC1 /* Database.swift in Sources */ = {isa = PBXBuildFile; fileRef = ED293DDF2A44A59000BE3BC1 /* Database.swift */; };
		ED293DE22A4AB73E00BE3BC1 /* MetricsClient.swift in Sources */ = {isa = PBXBuildFile; fileRef = ED293DE12A4AB73E00BE3BC1 /* MetricsClient.swift */; };
		ED293DE42A4AB96E00BE3BC1 /* Metric.swift in Sources */ = {isa = PBXBuildFile; fileRef = ED293DE32A4AB96E00BE3BC1 /* Metric.swift */; };
		ED5CC2202A4AE01900C30FFB /* API.swift in Sources */ = {isa = PBXBuildFile; fileRef = ED5CC21D2A4AE01900C30FFB /* API.swift */; };
		ED5CC2212A4AE01900C30FFB /* ServiceManager.swift in Sources */ = {isa = PBXBuildFile; fileRef = ED5CC21E2A4AE01900C30FFB /* ServiceManager.swift */; };
		ED5CC2232A4AE0BC00C30FFB /* ServiceType.swift in Sources */ = {isa = PBXBuildFile; fileRef = ED5CC2222A4AE0BC00C30FFB /* ServiceType.swift */; };
		ED8F18DF2A4024A300462392 /* MetricsReporter.h in Headers */ = {isa = PBXBuildFile; fileRef = ED8F18D32A4024A300462392 /* MetricsReporter.h */; settings = {ATTRIBUTES = (Public, ); }; };
		ED91EAC52A4EDFB70000C7B0 /* MetricOperator.swift in Sources */ = {isa = PBXBuildFile; fileRef = ED91EAC42A4EDFB70000C7B0 /* MetricOperator.swift */; };
		ED91EAC72A4EE4960000C7B0 /* LabelOperator.swift in Sources */ = {isa = PBXBuildFile; fileRef = ED91EAC62A4EE4960000C7B0 /* LabelOperator.swift */; };
		EDA5301F2A5C0B1800D58747 /* MetricsReporter.framework in Frameworks */ = {isa = PBXBuildFile; fileRef = ED8F18D02A4024A300462392 /* MetricsReporter.framework */; platformFilter = ios; };
		EDA530252A5C0B3E00D58747 /* MockURLProtocol.swift in Sources */ = {isa = PBXBuildFile; fileRef = ED5CC2262A4AECE800C30FFB /* MockURLProtocol.swift */; };
		EDA530262A5C0B3E00D58747 /* ServiceManagerTests.swift in Sources */ = {isa = PBXBuildFile; fileRef = ED5CC2242A4AE7C000C30FFB /* ServiceManagerTests.swift */; };
		EDA530272A5C0B3E00D58747 /* MetricTests.swift in Sources */ = {isa = PBXBuildFile; fileRef = ED293DF32A4AD54A00BE3BC1 /* MetricTests.swift */; };
		EDA530282A5C0B3E00D58747 /* DatabaseTests.swift in Sources */ = {isa = PBXBuildFile; fileRef = ED91EAC92A4F43B30000C7B0 /* DatabaseTests.swift */; };
		EDA530292A5C0B3E00D58747 /* MetricsReporterTests.swift in Sources */ = {isa = PBXBuildFile; fileRef = ED293DEB2A4AD45F00BE3BC1 /* MetricsReporterTests.swift */; };
/* End PBXBuildFile section */

/* Begin PBXContainerItemProxy section */
		EDA530202A5C0B1800D58747 /* PBXContainerItemProxy */ = {
			isa = PBXContainerItemProxy;
			containerPortal = ED8F18C72A4024A300462392 /* Project object */;
			proxyType = 1;
			remoteGlobalIDString = ED8F18CF2A4024A300462392;
			remoteInfo = "MetricsReporter-iOS";
		};
/* End PBXContainerItemProxy section */

/* Begin PBXFileReference section */
		3CBCDC67EED1F7C6B1D9C6F9 /* Pods-MetricsReporterTests.debug.xcconfig */ = {isa = PBXFileReference; includeInIndex = 1; lastKnownFileType = text.xcconfig; name = "Pods-MetricsReporterTests.debug.xcconfig"; path = "Target Support Files/Pods-MetricsReporterTests/Pods-MetricsReporterTests.debug.xcconfig"; sourceTree = "<group>"; };
		A928ED20E224C0C45ED690D1 /* Pods-MetricsReporter-iOS.release.xcconfig */ = {isa = PBXFileReference; includeInIndex = 1; lastKnownFileType = text.xcconfig; name = "Pods-MetricsReporter-iOS.release.xcconfig"; path = "Target Support Files/Pods-MetricsReporter-iOS/Pods-MetricsReporter-iOS.release.xcconfig"; sourceTree = "<group>"; };
		A9FE812C7C1225CCEE4BD02A /* Pods-MetricsReporter-iOS.debug.xcconfig */ = {isa = PBXFileReference; includeInIndex = 1; lastKnownFileType = text.xcconfig; name = "Pods-MetricsReporter-iOS.debug.xcconfig"; path = "Target Support Files/Pods-MetricsReporter-iOS/Pods-MetricsReporter-iOS.debug.xcconfig"; sourceTree = "<group>"; };
		BC4F993F199C9061090F9E83 /* Pods_MetricsReporterTests.framework */ = {isa = PBXFileReference; explicitFileType = wrapper.framework; includeInIndex = 0; path = Pods_MetricsReporterTests.framework; sourceTree = BUILT_PRODUCTS_DIR; };
		C667C8BCB92027EA4B3C1853 /* Pods-MetricsReporterTests.release.xcconfig */ = {isa = PBXFileReference; includeInIndex = 1; lastKnownFileType = text.xcconfig; name = "Pods-MetricsReporterTests.release.xcconfig"; path = "Target Support Files/Pods-MetricsReporterTests/Pods-MetricsReporterTests.release.xcconfig"; sourceTree = "<group>"; };
		ED110EEA2A40359A0008F1AF /* sonar-project.properties */ = {isa = PBXFileReference; fileEncoding = 4; lastKnownFileType = text; path = "sonar-project.properties"; sourceTree = "<group>"; };
		ED110EEB2A40359A0008F1AF /* MetricsReporter.podspec */ = {isa = PBXFileReference; fileEncoding = 4; lastKnownFileType = text; path = MetricsReporter.podspec; sourceTree = "<group>"; xcLanguageSpecificationIdentifier = xcode.lang.ruby; };
		ED110EEC2A40359A0008F1AF /* package.json */ = {isa = PBXFileReference; fileEncoding = 4; lastKnownFileType = text.json; path = package.json; sourceTree = "<group>"; };
		ED110EED2A40359A0008F1AF /* Podfile */ = {isa = PBXFileReference; fileEncoding = 4; lastKnownFileType = text; path = Podfile; sourceTree = "<group>"; xcLanguageSpecificationIdentifier = xcode.lang.ruby; };
		ED110EEE2A40359A0008F1AF /* Package.swift */ = {isa = PBXFileReference; fileEncoding = 4; lastKnownFileType = sourcecode.swift; path = Package.swift; sourceTree = "<group>"; };
		ED293DDF2A44A59000BE3BC1 /* Database.swift */ = {isa = PBXFileReference; fileEncoding = 4; lastKnownFileType = sourcecode.swift; path = Database.swift; sourceTree = "<group>"; };
		ED293DE12A4AB73E00BE3BC1 /* MetricsClient.swift */ = {isa = PBXFileReference; lastKnownFileType = sourcecode.swift; path = MetricsClient.swift; sourceTree = "<group>"; };
		ED293DE32A4AB96E00BE3BC1 /* Metric.swift */ = {isa = PBXFileReference; lastKnownFileType = sourcecode.swift; path = Metric.swift; sourceTree = "<group>"; };
		ED293DEB2A4AD45F00BE3BC1 /* MetricsReporterTests.swift */ = {isa = PBXFileReference; lastKnownFileType = sourcecode.swift; path = MetricsReporterTests.swift; sourceTree = "<group>"; };
		ED293DF32A4AD54A00BE3BC1 /* MetricTests.swift */ = {isa = PBXFileReference; lastKnownFileType = sourcecode.swift; path = MetricTests.swift; sourceTree = "<group>"; };
		ED5CC21D2A4AE01900C30FFB /* API.swift */ = {isa = PBXFileReference; fileEncoding = 4; lastKnownFileType = sourcecode.swift; path = API.swift; sourceTree = "<group>"; };
		ED5CC21E2A4AE01900C30FFB /* ServiceManager.swift */ = {isa = PBXFileReference; fileEncoding = 4; lastKnownFileType = sourcecode.swift; path = ServiceManager.swift; sourceTree = "<group>"; };
		ED5CC2222A4AE0BC00C30FFB /* ServiceType.swift */ = {isa = PBXFileReference; fileEncoding = 4; lastKnownFileType = sourcecode.swift; path = ServiceType.swift; sourceTree = "<group>"; };
		ED5CC2242A4AE7C000C30FFB /* ServiceManagerTests.swift */ = {isa = PBXFileReference; lastKnownFileType = sourcecode.swift; path = ServiceManagerTests.swift; sourceTree = "<group>"; };
		ED5CC2262A4AECE800C30FFB /* MockURLProtocol.swift */ = {isa = PBXFileReference; lastKnownFileType = sourcecode.swift; path = MockURLProtocol.swift; sourceTree = "<group>"; };
		ED8F18D02A4024A300462392 /* MetricsReporter.framework */ = {isa = PBXFileReference; explicitFileType = wrapper.framework; includeInIndex = 0; path = MetricsReporter.framework; sourceTree = BUILT_PRODUCTS_DIR; };
		ED8F18D32A4024A300462392 /* MetricsReporter.h */ = {isa = PBXFileReference; lastKnownFileType = sourcecode.c.h; path = MetricsReporter.h; sourceTree = "<group>"; };
		ED91EAC42A4EDFB70000C7B0 /* MetricOperator.swift */ = {isa = PBXFileReference; lastKnownFileType = sourcecode.swift; path = MetricOperator.swift; sourceTree = "<group>"; };
		ED91EAC62A4EE4960000C7B0 /* LabelOperator.swift */ = {isa = PBXFileReference; lastKnownFileType = sourcecode.swift; path = LabelOperator.swift; sourceTree = "<group>"; };
		ED91EAC92A4F43B30000C7B0 /* DatabaseTests.swift */ = {isa = PBXFileReference; lastKnownFileType = sourcecode.swift; path = DatabaseTests.swift; sourceTree = "<group>"; };
		EDA52FF92A5BE10F00D58747 /* deploy-cocoapods.yml */ = {isa = PBXFileReference; lastKnownFileType = text.yaml; path = "deploy-cocoapods.yml"; sourceTree = "<group>"; };
		EDA52FFA2A5BE10F00D58747 /* notion-pr-sync.yml */ = {isa = PBXFileReference; lastKnownFileType = text.yaml; path = "notion-pr-sync.yml"; sourceTree = "<group>"; };
		EDA52FFB2A5BE10F00D58747 /* draft-new-beta-release.yml */ = {isa = PBXFileReference; lastKnownFileType = text.yaml; path = "draft-new-beta-release.yml"; sourceTree = "<group>"; };
		EDA52FFC2A5BE10F00D58747 /* check-pr-title.yml */ = {isa = PBXFileReference; lastKnownFileType = text.yaml; path = "check-pr-title.yml"; sourceTree = "<group>"; };
		EDA52FFD2A5BE10F00D58747 /* create-hotfix-branch.yml */ = {isa = PBXFileReference; lastKnownFileType = text.yaml; path = "create-hotfix-branch.yml"; sourceTree = "<group>"; };
		EDA52FFE2A5BE10F00D58747 /* publish-new-release.yml */ = {isa = PBXFileReference; lastKnownFileType = text.yaml; path = "publish-new-release.yml"; sourceTree = "<group>"; };
		EDA52FFF2A5BE10F00D58747 /* test.yml */ = {isa = PBXFileReference; lastKnownFileType = text.yaml; path = test.yml; sourceTree = "<group>"; };
		EDA530002A5BE10F00D58747 /* deploy-cocoapods-manual.yml */ = {isa = PBXFileReference; lastKnownFileType = text.yaml; path = "deploy-cocoapods-manual.yml"; sourceTree = "<group>"; };
		EDA530012A5BE10F00D58747 /* slack-notify.yml */ = {isa = PBXFileReference; lastKnownFileType = text.yaml; path = "slack-notify.yml"; sourceTree = "<group>"; };
		EDA530022A5BE10F00D58747 /* build-and-quality-checks.yml */ = {isa = PBXFileReference; lastKnownFileType = text.yaml; path = "build-and-quality-checks.yml"; sourceTree = "<group>"; };
		EDA530032A5BE10F00D58747 /* draft-new-release.yml */ = {isa = PBXFileReference; lastKnownFileType = text.yaml; path = "draft-new-release.yml"; sourceTree = "<group>"; };
		EDA530042A5BE10F00D58747 /* pull_request_template.md */ = {isa = PBXFileReference; lastKnownFileType = net.daringfireball.markdown; path = pull_request_template.md; sourceTree = "<group>"; };
		EDA530062A5BE10F00D58747 /* bug_report.md */ = {isa = PBXFileReference; lastKnownFileType = net.daringfireball.markdown; path = bug_report.md; sourceTree = "<group>"; };
		EDA530072A5BE10F00D58747 /* dependabot.yml */ = {isa = PBXFileReference; lastKnownFileType = text.yaml; path = dependabot.yml; sourceTree = "<group>"; };
		EDA5301B2A5C0B1800D58747 /* MetricsReporterTests.xctest */ = {isa = PBXFileReference; explicitFileType = wrapper.cfbundle; includeInIndex = 0; path = MetricsReporterTests.xctest; sourceTree = BUILT_PRODUCTS_DIR; };
		EDA5302A2A5C0B7500D58747 /* MetricsReporterTests.xctestplan */ = {isa = PBXFileReference; lastKnownFileType = text; path = MetricsReporterTests.xctestplan; sourceTree = "<group>"; };
		EDA5302C2A5D26F000D58747 /* codecov.yml */ = {isa = PBXFileReference; lastKnownFileType = text.yaml; path = codecov.yml; sourceTree = "<group>"; };
		F4D6215F475E02CEE3A0D2C9 /* Pods_MetricsReporter_iOS.framework */ = {isa = PBXFileReference; explicitFileType = wrapper.framework; includeInIndex = 0; path = Pods_MetricsReporter_iOS.framework; sourceTree = BUILT_PRODUCTS_DIR; };
/* End PBXFileReference section */

/* Begin PBXFrameworksBuildPhase section */
		ED8F18CD2A4024A300462392 /* Frameworks */ = {
			isa = PBXFrameworksBuildPhase;
			buildActionMask = 2147483647;
			files = (
				BC25050360F3B88D9412307C /* Pods_MetricsReporter_iOS.framework in Frameworks */,
			);
			runOnlyForDeploymentPostprocessing = 0;
		};
		EDA530182A5C0B1800D58747 /* Frameworks */ = {
			isa = PBXFrameworksBuildPhase;
			buildActionMask = 2147483647;
			files = (
				EDA5301F2A5C0B1800D58747 /* MetricsReporter.framework in Frameworks */,
				19A3EB8D755CAAAA0E5745B6 /* Pods_MetricsReporterTests.framework in Frameworks */,
			);
			runOnlyForDeploymentPostprocessing = 0;
		};
/* End PBXFrameworksBuildPhase section */

/* Begin PBXGroup section */
		3D4AB296A1449836594EC4A8 /* Frameworks */ = {
			isa = PBXGroup;
			children = (
				F4D6215F475E02CEE3A0D2C9 /* Pods_MetricsReporter_iOS.framework */,
				BC4F993F199C9061090F9E83 /* Pods_MetricsReporterTests.framework */,
			);
			name = Frameworks;
			sourceTree = "<group>";
		};
		A3CCDDDA0BC71242BDFC2FD0 /* Pods */ = {
			isa = PBXGroup;
			children = (
				A9FE812C7C1225CCEE4BD02A /* Pods-MetricsReporter-iOS.debug.xcconfig */,
				A928ED20E224C0C45ED690D1 /* Pods-MetricsReporter-iOS.release.xcconfig */,
				3CBCDC67EED1F7C6B1D9C6F9 /* Pods-MetricsReporterTests.debug.xcconfig */,
				C667C8BCB92027EA4B3C1853 /* Pods-MetricsReporterTests.release.xcconfig */,
			);
			path = Pods;
			sourceTree = "<group>";
		};
		ED110EE92A40355F0008F1AF /* Classes */ = {
			isa = PBXGroup;
			children = (
				ED91EAC82A4EE49F0000C7B0 /* Database */,
				ED5CC21A2A4AE01900C30FFB /* Networking */,
				ED293DE32A4AB96E00BE3BC1 /* Metric.swift */,
				ED293DE12A4AB73E00BE3BC1 /* MetricsClient.swift */,
			);
			path = Classes;
			sourceTree = "<group>";
		};
		ED293DEA2A4AD45F00BE3BC1 /* MetricsReporterTests */ = {
			isa = PBXGroup;
			children = (
				ED91EAC92A4F43B30000C7B0 /* DatabaseTests.swift */,
				ED293DEB2A4AD45F00BE3BC1 /* MetricsReporterTests.swift */,
				ED293DF32A4AD54A00BE3BC1 /* MetricTests.swift */,
				ED5CC2262A4AECE800C30FFB /* MockURLProtocol.swift */,
				ED5CC2242A4AE7C000C30FFB /* ServiceManagerTests.swift */,
			);
			path = MetricsReporterTests;
			sourceTree = "<group>";
		};
		ED5CC21A2A4AE01900C30FFB /* Networking */ = {
			isa = PBXGroup;
			children = (
				ED5CC21B2A4AE01900C30FFB /* APIClient */,
				ED5CC2222A4AE0BC00C30FFB /* ServiceType.swift */,
			);
			path = Networking;
			sourceTree = "<group>";
		};
		ED5CC21B2A4AE01900C30FFB /* APIClient */ = {
			isa = PBXGroup;
			children = (
				ED5CC21D2A4AE01900C30FFB /* API.swift */,
				ED5CC21E2A4AE01900C30FFB /* ServiceManager.swift */,
			);
			path = APIClient;
			sourceTree = "<group>";
		};
		ED8F18C62A4024A300462392 = {
			isa = PBXGroup;
			children = (
				EDA52FF72A5BE10F00D58747 /* .github */,
				EDA5302C2A5D26F000D58747 /* codecov.yml */,
				EDA5302A2A5C0B7500D58747 /* MetricsReporterTests.xctestplan */,
				ED110EEB2A40359A0008F1AF /* MetricsReporter.podspec */,
				ED110EEC2A40359A0008F1AF /* package.json */,
				ED110EEE2A40359A0008F1AF /* Package.swift */,
				ED110EED2A40359A0008F1AF /* Podfile */,
				ED110EEA2A40359A0008F1AF /* sonar-project.properties */,
				ED8F18D22A4024A300462392 /* Sources */,
				ED293DEA2A4AD45F00BE3BC1 /* MetricsReporterTests */,
				ED8F18D12A4024A300462392 /* Products */,
				A3CCDDDA0BC71242BDFC2FD0 /* Pods */,
				3D4AB296A1449836594EC4A8 /* Frameworks */,
			);
			sourceTree = "<group>";
		};
		ED8F18D12A4024A300462392 /* Products */ = {
			isa = PBXGroup;
			children = (
				ED8F18D02A4024A300462392 /* MetricsReporter.framework */,
				EDA5301B2A5C0B1800D58747 /* MetricsReporterTests.xctest */,
			);
			name = Products;
			sourceTree = "<group>";
		};
		ED8F18D22A4024A300462392 /* Sources */ = {
			isa = PBXGroup;
			children = (
				ED110EE92A40355F0008F1AF /* Classes */,
				ED8F18D32A4024A300462392 /* MetricsReporter.h */,
			);
			path = Sources;
			sourceTree = "<group>";
		};
		ED91EAC82A4EE49F0000C7B0 /* Database */ = {
			isa = PBXGroup;
			children = (
				ED293DDF2A44A59000BE3BC1 /* Database.swift */,
				ED91EAC62A4EE4960000C7B0 /* LabelOperator.swift */,
				ED91EAC42A4EDFB70000C7B0 /* MetricOperator.swift */,
			);
			path = Database;
			sourceTree = "<group>";
		};
		EDA52FF72A5BE10F00D58747 /* .github */ = {
			isa = PBXGroup;
			children = (
				EDA530072A5BE10F00D58747 /* dependabot.yml */,
				EDA530042A5BE10F00D58747 /* pull_request_template.md */,
				EDA530052A5BE10F00D58747 /* ISSUE_TEMPLATE */,
				EDA52FF82A5BE10F00D58747 /* workflows */,
			);
			path = .github;
			sourceTree = "<group>";
		};
		EDA52FF82A5BE10F00D58747 /* workflows */ = {
			isa = PBXGroup;
			children = (
				EDA530022A5BE10F00D58747 /* build-and-quality-checks.yml */,
				EDA52FFC2A5BE10F00D58747 /* check-pr-title.yml */,
				EDA52FFD2A5BE10F00D58747 /* create-hotfix-branch.yml */,
				EDA530002A5BE10F00D58747 /* deploy-cocoapods-manual.yml */,
				EDA52FF92A5BE10F00D58747 /* deploy-cocoapods.yml */,
				EDA52FFB2A5BE10F00D58747 /* draft-new-beta-release.yml */,
				EDA530032A5BE10F00D58747 /* draft-new-release.yml */,
				EDA52FFA2A5BE10F00D58747 /* notion-pr-sync.yml */,
				EDA52FFE2A5BE10F00D58747 /* publish-new-release.yml */,
				EDA530012A5BE10F00D58747 /* slack-notify.yml */,
				EDA52FFF2A5BE10F00D58747 /* test.yml */,
			);
			path = workflows;
			sourceTree = "<group>";
		};
		EDA530052A5BE10F00D58747 /* ISSUE_TEMPLATE */ = {
			isa = PBXGroup;
			children = (
				EDA530062A5BE10F00D58747 /* bug_report.md */,
			);
			path = ISSUE_TEMPLATE;
			sourceTree = "<group>";
		};
/* End PBXGroup section */

/* Begin PBXHeadersBuildPhase section */
		ED8F18CB2A4024A300462392 /* Headers */ = {
			isa = PBXHeadersBuildPhase;
			buildActionMask = 2147483647;
			files = (
				ED8F18DF2A4024A300462392 /* MetricsReporter.h in Headers */,
			);
			runOnlyForDeploymentPostprocessing = 0;
		};
/* End PBXHeadersBuildPhase section */

/* Begin PBXNativeTarget section */
		ED8F18CF2A4024A300462392 /* MetricsReporter-iOS */ = {
			isa = PBXNativeTarget;
			buildConfigurationList = ED8F18E22A4024A300462392 /* Build configuration list for PBXNativeTarget "MetricsReporter-iOS" */;
			buildPhases = (
				9D9B1AD7619DF2A0069A66FC /* [CP] Check Pods Manifest.lock */,
				ED8F18CB2A4024A300462392 /* Headers */,
				ED8F18CC2A4024A300462392 /* Sources */,
				ED8F18CD2A4024A300462392 /* Frameworks */,
				ED8F18CE2A4024A300462392 /* Resources */,
			);
			buildRules = (
			);
			dependencies = (
			);
			name = "MetricsReporter-iOS";
			productName = CrashReporter;
			productReference = ED8F18D02A4024A300462392 /* MetricsReporter.framework */;
			productType = "com.apple.product-type.framework";
		};
		EDA5301A2A5C0B1800D58747 /* MetricsReporterTests */ = {
			isa = PBXNativeTarget;
			buildConfigurationList = EDA530222A5C0B1800D58747 /* Build configuration list for PBXNativeTarget "MetricsReporterTests" */;
			buildPhases = (
				FA2C35463BD223F7D4C57CCB /* [CP] Check Pods Manifest.lock */,
				EDA530172A5C0B1800D58747 /* Sources */,
				EDA530182A5C0B1800D58747 /* Frameworks */,
				EDA530192A5C0B1800D58747 /* Resources */,
				718D0DF6566878452DCD83CD /* [CP] Embed Pods Frameworks */,
			);
			buildRules = (
			);
			dependencies = (
				EDA530212A5C0B1800D58747 /* PBXTargetDependency */,
			);
			name = MetricsReporterTests;
			productName = MetricsReporterTests;
			productReference = EDA5301B2A5C0B1800D58747 /* MetricsReporterTests.xctest */;
			productType = "com.apple.product-type.bundle.unit-test";
		};
/* End PBXNativeTarget section */

/* Begin PBXProject section */
		ED8F18C72A4024A300462392 /* Project object */ = {
			isa = PBXProject;
			attributes = {
				BuildIndependentTargetsInParallel = 1;
				LastSwiftUpdateCheck = 1430;
				LastUpgradeCheck = 1430;
				TargetAttributes = {
					ED8F18CF2A4024A300462392 = {
						CreatedOnToolsVersion = 14.3.1;
						LastSwiftMigration = 1430;
					};
					EDA5301A2A5C0B1800D58747 = {
						CreatedOnToolsVersion = 14.3.1;
					};
				};
			};
			buildConfigurationList = ED8F18CA2A4024A300462392 /* Build configuration list for PBXProject "MetricsReporter" */;
			compatibilityVersion = "Xcode 14.0";
			developmentRegion = en;
			hasScannedForEncodings = 0;
			knownRegions = (
				en,
				Base,
			);
			mainGroup = ED8F18C62A4024A300462392;
			productRefGroup = ED8F18D12A4024A300462392 /* Products */;
			projectDirPath = "";
			projectRoot = "";
			targets = (
				ED8F18CF2A4024A300462392 /* MetricsReporter-iOS */,
				EDA5301A2A5C0B1800D58747 /* MetricsReporterTests */,
			);
		};
/* End PBXProject section */

/* Begin PBXResourcesBuildPhase section */
		ED8F18CE2A4024A300462392 /* Resources */ = {
			isa = PBXResourcesBuildPhase;
			buildActionMask = 2147483647;
			files = (
			);
			runOnlyForDeploymentPostprocessing = 0;
		};
		EDA530192A5C0B1800D58747 /* Resources */ = {
			isa = PBXResourcesBuildPhase;
			buildActionMask = 2147483647;
			files = (
			);
			runOnlyForDeploymentPostprocessing = 0;
		};
/* End PBXResourcesBuildPhase section */

/* Begin PBXShellScriptBuildPhase section */
		718D0DF6566878452DCD83CD /* [CP] Embed Pods Frameworks */ = {
			isa = PBXShellScriptBuildPhase;
			buildActionMask = 2147483647;
			files = (
			);
			inputFileListPaths = (
				"${PODS_ROOT}/Target Support Files/Pods-MetricsReporterTests/Pods-MetricsReporterTests-frameworks-${CONFIGURATION}-input-files.xcfilelist",
			);
			name = "[CP] Embed Pods Frameworks";
			outputFileListPaths = (
				"${PODS_ROOT}/Target Support Files/Pods-MetricsReporterTests/Pods-MetricsReporterTests-frameworks-${CONFIGURATION}-output-files.xcfilelist",
			);
			runOnlyForDeploymentPostprocessing = 0;
			shellPath = /bin/sh;
			shellScript = "\"${PODS_ROOT}/Target Support Files/Pods-MetricsReporterTests/Pods-MetricsReporterTests-frameworks.sh\"\n";
			showEnvVarsInLog = 0;
		};
		9D9B1AD7619DF2A0069A66FC /* [CP] Check Pods Manifest.lock */ = {
			isa = PBXShellScriptBuildPhase;
			buildActionMask = 2147483647;
			files = (
			);
			inputFileListPaths = (
			);
			inputPaths = (
				"${PODS_PODFILE_DIR_PATH}/Podfile.lock",
				"${PODS_ROOT}/Manifest.lock",
			);
			name = "[CP] Check Pods Manifest.lock";
			outputFileListPaths = (
			);
			outputPaths = (
				"$(DERIVED_FILE_DIR)/Pods-MetricsReporter-iOS-checkManifestLockResult.txt",
			);
			runOnlyForDeploymentPostprocessing = 0;
			shellPath = /bin/sh;
			shellScript = "diff \"${PODS_PODFILE_DIR_PATH}/Podfile.lock\" \"${PODS_ROOT}/Manifest.lock\" > /dev/null\nif [ $? != 0 ] ; then\n    # print error to STDERR\n    echo \"error: The sandbox is not in sync with the Podfile.lock. Run 'pod install' or update your CocoaPods installation.\" >&2\n    exit 1\nfi\n# This output is used by Xcode 'outputs' to avoid re-running this script phase.\necho \"SUCCESS\" > \"${SCRIPT_OUTPUT_FILE_0}\"\n";
			showEnvVarsInLog = 0;
		};
		FA2C35463BD223F7D4C57CCB /* [CP] Check Pods Manifest.lock */ = {
			isa = PBXShellScriptBuildPhase;
			buildActionMask = 2147483647;
			files = (
			);
			inputFileListPaths = (
			);
			inputPaths = (
				"${PODS_PODFILE_DIR_PATH}/Podfile.lock",
				"${PODS_ROOT}/Manifest.lock",
			);
			name = "[CP] Check Pods Manifest.lock";
			outputFileListPaths = (
			);
			outputPaths = (
				"$(DERIVED_FILE_DIR)/Pods-MetricsReporterTests-checkManifestLockResult.txt",
			);
			runOnlyForDeploymentPostprocessing = 0;
			shellPath = /bin/sh;
			shellScript = "diff \"${PODS_PODFILE_DIR_PATH}/Podfile.lock\" \"${PODS_ROOT}/Manifest.lock\" > /dev/null\nif [ $? != 0 ] ; then\n    # print error to STDERR\n    echo \"error: The sandbox is not in sync with the Podfile.lock. Run 'pod install' or update your CocoaPods installation.\" >&2\n    exit 1\nfi\n# This output is used by Xcode 'outputs' to avoid re-running this script phase.\necho \"SUCCESS\" > \"${SCRIPT_OUTPUT_FILE_0}\"\n";
			showEnvVarsInLog = 0;
		};
/* End PBXShellScriptBuildPhase section */

/* Begin PBXSourcesBuildPhase section */
		ED8F18CC2A4024A300462392 /* Sources */ = {
			isa = PBXSourcesBuildPhase;
			buildActionMask = 2147483647;
			files = (
				ED91EAC52A4EDFB70000C7B0 /* MetricOperator.swift in Sources */,
				ED91EAC72A4EE4960000C7B0 /* LabelOperator.swift in Sources */,
				ED293DE22A4AB73E00BE3BC1 /* MetricsClient.swift in Sources */,
				ED293DE02A44A59000BE3BC1 /* Database.swift in Sources */,
				ED293DE42A4AB96E00BE3BC1 /* Metric.swift in Sources */,
				ED5CC2212A4AE01900C30FFB /* ServiceManager.swift in Sources */,
				ED5CC2232A4AE0BC00C30FFB /* ServiceType.swift in Sources */,
				ED5CC2202A4AE01900C30FFB /* API.swift in Sources */,
			);
			runOnlyForDeploymentPostprocessing = 0;
		};
		EDA530172A5C0B1800D58747 /* Sources */ = {
			isa = PBXSourcesBuildPhase;
			buildActionMask = 2147483647;
			files = (
				EDA530292A5C0B3E00D58747 /* MetricsReporterTests.swift in Sources */,
				EDA530272A5C0B3E00D58747 /* MetricTests.swift in Sources */,
				EDA530252A5C0B3E00D58747 /* MockURLProtocol.swift in Sources */,
				EDA530282A5C0B3E00D58747 /* DatabaseTests.swift in Sources */,
				EDA530262A5C0B3E00D58747 /* ServiceManagerTests.swift in Sources */,
			);
			runOnlyForDeploymentPostprocessing = 0;
		};
/* End PBXSourcesBuildPhase section */

/* Begin PBXTargetDependency section */
		EDA530212A5C0B1800D58747 /* PBXTargetDependency */ = {
			isa = PBXTargetDependency;
			platformFilter = ios;
			target = ED8F18CF2A4024A300462392 /* MetricsReporter-iOS */;
			targetProxy = EDA530202A5C0B1800D58747 /* PBXContainerItemProxy */;
		};
/* End PBXTargetDependency section */

/* Begin XCBuildConfiguration section */
		ED8F18E02A4024A300462392 /* Debug */ = {
			isa = XCBuildConfiguration;
			buildSettings = {
				ALWAYS_SEARCH_USER_PATHS = NO;
				CLANG_ANALYZER_NONNULL = YES;
				CLANG_ANALYZER_NUMBER_OBJECT_CONVERSION = YES_AGGRESSIVE;
				CLANG_CXX_LANGUAGE_STANDARD = "gnu++20";
				CLANG_ENABLE_MODULES = YES;
				CLANG_ENABLE_OBJC_ARC = YES;
				CLANG_ENABLE_OBJC_WEAK = YES;
				CLANG_WARN_BLOCK_CAPTURE_AUTORELEASING = YES;
				CLANG_WARN_BOOL_CONVERSION = YES;
				CLANG_WARN_COMMA = YES;
				CLANG_WARN_CONSTANT_CONVERSION = YES;
				CLANG_WARN_DEPRECATED_OBJC_IMPLEMENTATIONS = YES;
				CLANG_WARN_DIRECT_OBJC_ISA_USAGE = YES_ERROR;
				CLANG_WARN_DOCUMENTATION_COMMENTS = YES;
				CLANG_WARN_EMPTY_BODY = YES;
				CLANG_WARN_ENUM_CONVERSION = YES;
				CLANG_WARN_INFINITE_RECURSION = YES;
				CLANG_WARN_INT_CONVERSION = YES;
				CLANG_WARN_NON_LITERAL_NULL_CONVERSION = YES;
				CLANG_WARN_OBJC_IMPLICIT_RETAIN_SELF = YES;
				CLANG_WARN_OBJC_LITERAL_CONVERSION = YES;
				CLANG_WARN_OBJC_ROOT_CLASS = YES_ERROR;
				CLANG_WARN_QUOTED_INCLUDE_IN_FRAMEWORK_HEADER = YES;
				CLANG_WARN_RANGE_LOOP_ANALYSIS = YES;
				CLANG_WARN_STRICT_PROTOTYPES = YES;
				CLANG_WARN_SUSPICIOUS_MOVE = YES;
				CLANG_WARN_UNGUARDED_AVAILABILITY = YES_AGGRESSIVE;
				CLANG_WARN_UNREACHABLE_CODE = YES;
				CLANG_WARN__DUPLICATE_METHOD_MATCH = YES;
				COPY_PHASE_STRIP = NO;
				CURRENT_PROJECT_VERSION = 1;
				DEBUG_INFORMATION_FORMAT = dwarf;
				ENABLE_STRICT_OBJC_MSGSEND = YES;
				ENABLE_TESTABILITY = YES;
				GCC_C_LANGUAGE_STANDARD = gnu11;
				GCC_DYNAMIC_NO_PIC = NO;
				GCC_NO_COMMON_BLOCKS = YES;
				GCC_OPTIMIZATION_LEVEL = 0;
				GCC_PREPROCESSOR_DEFINITIONS = (
					"DEBUG=1",
					"$(inherited)",
				);
				GCC_WARN_64_TO_32_BIT_CONVERSION = YES;
				GCC_WARN_ABOUT_RETURN_TYPE = YES_ERROR;
				GCC_WARN_UNDECLARED_SELECTOR = YES;
				GCC_WARN_UNINITIALIZED_AUTOS = YES_AGGRESSIVE;
				GCC_WARN_UNUSED_FUNCTION = YES;
				GCC_WARN_UNUSED_VARIABLE = YES;
				IPHONEOS_DEPLOYMENT_TARGET = 12.0;
				MACOSX_DEPLOYMENT_TARGET = 10.13;
				MTL_ENABLE_DEBUG_INFO = INCLUDE_SOURCE;
				MTL_FAST_MATH = YES;
				ONLY_ACTIVE_ARCH = YES;
				OTHER_LDFLAGS = "$(inherited)";
				SWIFT_ACTIVE_COMPILATION_CONDITIONS = DEBUG;
				SWIFT_OPTIMIZATION_LEVEL = "-Onone";
				VERSIONING_SYSTEM = "apple-generic";
				VERSION_INFO_PREFIX = "";
			};
			name = Debug;
		};
		ED8F18E12A4024A300462392 /* Release */ = {
			isa = XCBuildConfiguration;
			buildSettings = {
				ALWAYS_SEARCH_USER_PATHS = NO;
				CLANG_ANALYZER_NONNULL = YES;
				CLANG_ANALYZER_NUMBER_OBJECT_CONVERSION = YES_AGGRESSIVE;
				CLANG_CXX_LANGUAGE_STANDARD = "gnu++20";
				CLANG_ENABLE_MODULES = YES;
				CLANG_ENABLE_OBJC_ARC = YES;
				CLANG_ENABLE_OBJC_WEAK = YES;
				CLANG_WARN_BLOCK_CAPTURE_AUTORELEASING = YES;
				CLANG_WARN_BOOL_CONVERSION = YES;
				CLANG_WARN_COMMA = YES;
				CLANG_WARN_CONSTANT_CONVERSION = YES;
				CLANG_WARN_DEPRECATED_OBJC_IMPLEMENTATIONS = YES;
				CLANG_WARN_DIRECT_OBJC_ISA_USAGE = YES_ERROR;
				CLANG_WARN_DOCUMENTATION_COMMENTS = YES;
				CLANG_WARN_EMPTY_BODY = YES;
				CLANG_WARN_ENUM_CONVERSION = YES;
				CLANG_WARN_INFINITE_RECURSION = YES;
				CLANG_WARN_INT_CONVERSION = YES;
				CLANG_WARN_NON_LITERAL_NULL_CONVERSION = YES;
				CLANG_WARN_OBJC_IMPLICIT_RETAIN_SELF = YES;
				CLANG_WARN_OBJC_LITERAL_CONVERSION = YES;
				CLANG_WARN_OBJC_ROOT_CLASS = YES_ERROR;
				CLANG_WARN_QUOTED_INCLUDE_IN_FRAMEWORK_HEADER = YES;
				CLANG_WARN_RANGE_LOOP_ANALYSIS = YES;
				CLANG_WARN_STRICT_PROTOTYPES = YES;
				CLANG_WARN_SUSPICIOUS_MOVE = YES;
				CLANG_WARN_UNGUARDED_AVAILABILITY = YES_AGGRESSIVE;
				CLANG_WARN_UNREACHABLE_CODE = YES;
				CLANG_WARN__DUPLICATE_METHOD_MATCH = YES;
				COPY_PHASE_STRIP = NO;
				CURRENT_PROJECT_VERSION = 1;
				DEBUG_INFORMATION_FORMAT = "dwarf-with-dsym";
				ENABLE_NS_ASSERTIONS = NO;
				ENABLE_STRICT_OBJC_MSGSEND = YES;
				GCC_C_LANGUAGE_STANDARD = gnu11;
				GCC_NO_COMMON_BLOCKS = YES;
				GCC_WARN_64_TO_32_BIT_CONVERSION = YES;
				GCC_WARN_ABOUT_RETURN_TYPE = YES_ERROR;
				GCC_WARN_UNDECLARED_SELECTOR = YES;
				GCC_WARN_UNINITIALIZED_AUTOS = YES_AGGRESSIVE;
				GCC_WARN_UNUSED_FUNCTION = YES;
				GCC_WARN_UNUSED_VARIABLE = YES;
				IPHONEOS_DEPLOYMENT_TARGET = 12.0;
				MACOSX_DEPLOYMENT_TARGET = 10.13;
				MTL_ENABLE_DEBUG_INFO = NO;
				MTL_FAST_MATH = YES;
				OTHER_LDFLAGS = "$(inherited)";
				SWIFT_COMPILATION_MODE = wholemodule;
				SWIFT_OPTIMIZATION_LEVEL = "-O";
				VERSIONING_SYSTEM = "apple-generic";
				VERSION_INFO_PREFIX = "";
			};
			name = Release;
		};
		ED8F18E32A4024A300462392 /* Debug */ = {
			isa = XCBuildConfiguration;
			baseConfigurationReference = A9FE812C7C1225CCEE4BD02A /* Pods-MetricsReporter-iOS.debug.xcconfig */;
			buildSettings = {
				CLANG_CXX_LANGUAGE_STANDARD = "gnu++20";
				CLANG_ENABLE_MODULES = YES;
				CLANG_WARN_QUOTED_INCLUDE_IN_FRAMEWORK_HEADER = "$(inherited)";
				CODE_SIGN_STYLE = Automatic;
				CURRENT_PROJECT_VERSION = 1;
				DEAD_CODE_STRIPPING = NO;
				DEFINES_MODULE = YES;
				DEVELOPMENT_TEAM = WPX9KRKA8B;
				DYLIB_COMPATIBILITY_VERSION = 1;
				DYLIB_CURRENT_VERSION = 1;
				DYLIB_INSTALL_NAME_BASE = "@rpath";
				ENABLE_MODULE_VERIFIER = YES;
				GCC_PREPROCESSOR_DEFINITIONS = "$(inherited)";
				GCC_SYMBOLS_PRIVATE_EXTERN = NO;
				GENERATE_INFOPLIST_FILE = YES;
				INFOPLIST_KEY_NSHumanReadableCopyright = "";
				INSTALL_PATH = "$(LOCAL_LIBRARY_DIR)/Frameworks";
				IPHONEOS_DEPLOYMENT_TARGET = 12.0;
				LD_RUNPATH_SEARCH_PATHS = (
					"$(inherited)",
					"@executable_path/Frameworks",
					"@loader_path/Frameworks",
				);
				MACOSX_DEPLOYMENT_TARGET = 10.13;
				MARKETING_VERSION = 1.0;
				MODULEMAP_FILE = "";
				MODULE_VERIFIER_SUPPORTED_LANGUAGES = "";
				MODULE_VERIFIER_SUPPORTED_LANGUAGE_STANDARDS = "";
				OTHER_LDFLAGS = "$(inherited)";
				PRODUCT_BUNDLE_IDENTIFIER = com.rudderstack.CrashReporter;
				PRODUCT_NAME = MetricsReporter;
				SDKROOT = auto;
				SKIP_INSTALL = YES;
				SUPPORTED_PLATFORMS = "iphoneos iphonesimulator appletvos appletvsimulator watchos watchsimulator macosx";
				SWIFT_EMIT_LOC_STRINGS = YES;
				SWIFT_OBJC_BRIDGING_HEADER = "";
				SWIFT_OPTIMIZATION_LEVEL = "-Onone";
				SWIFT_VERSION = 5.0;
				TARGETED_DEVICE_FAMILY = "1,2,3,4,6";
				WARNING_CFLAGS = "";
			};
			name = Debug;
		};
		ED8F18E42A4024A300462392 /* Release */ = {
			isa = XCBuildConfiguration;
			baseConfigurationReference = A928ED20E224C0C45ED690D1 /* Pods-MetricsReporter-iOS.release.xcconfig */;
			buildSettings = {
				CLANG_CXX_LANGUAGE_STANDARD = "gnu++20";
				CLANG_ENABLE_MODULES = YES;
				CLANG_WARN_QUOTED_INCLUDE_IN_FRAMEWORK_HEADER = "$(inherited)";
				CODE_SIGN_STYLE = Automatic;
				CURRENT_PROJECT_VERSION = 1;
				DEAD_CODE_STRIPPING = NO;
				DEFINES_MODULE = YES;
				DEVELOPMENT_TEAM = WPX9KRKA8B;
				DYLIB_COMPATIBILITY_VERSION = 1;
				DYLIB_CURRENT_VERSION = 1;
				DYLIB_INSTALL_NAME_BASE = "@rpath";
				ENABLE_MODULE_VERIFIER = YES;
				GCC_SYMBOLS_PRIVATE_EXTERN = NO;
				GENERATE_INFOPLIST_FILE = YES;
				INFOPLIST_KEY_NSHumanReadableCopyright = "";
				INSTALL_PATH = "$(LOCAL_LIBRARY_DIR)/Frameworks";
				IPHONEOS_DEPLOYMENT_TARGET = 12.0;
				LD_RUNPATH_SEARCH_PATHS = (
					"$(inherited)",
					"@executable_path/Frameworks",
					"@loader_path/Frameworks",
				);
				MACOSX_DEPLOYMENT_TARGET = 10.13;
				MARKETING_VERSION = 1.0;
				MODULEMAP_FILE = "";
				MODULE_VERIFIER_SUPPORTED_LANGUAGES = "";
				MODULE_VERIFIER_SUPPORTED_LANGUAGE_STANDARDS = "";
				OTHER_LDFLAGS = "$(inherited)";
				PRODUCT_BUNDLE_IDENTIFIER = com.rudderstack.CrashReporter;
				PRODUCT_NAME = MetricsReporter;
				SDKROOT = auto;
				SKIP_INSTALL = YES;
				SUPPORTED_PLATFORMS = "iphoneos iphonesimulator appletvos appletvsimulator watchos watchsimulator macosx";
				SWIFT_EMIT_LOC_STRINGS = YES;
				SWIFT_OBJC_BRIDGING_HEADER = "";
				SWIFT_VERSION = 5.0;
				TARGETED_DEVICE_FAMILY = "1,2,3,4,6";
				WARNING_CFLAGS = "";
			};
			name = Release;
		};
		EDA530232A5C0B1800D58747 /* Debug */ = {
			isa = XCBuildConfiguration;
			baseConfigurationReference = 3CBCDC67EED1F7C6B1D9C6F9 /* Pods-MetricsReporterTests.debug.xcconfig */;
			buildSettings = {
				CODE_SIGN_STYLE = Automatic;
				CURRENT_PROJECT_VERSION = 1;
				DEVELOPMENT_TEAM = WPX9KRKA8B;
				GENERATE_INFOPLIST_FILE = YES;
				IPHONEOS_DEPLOYMENT_TARGET = 12.0;
				MARKETING_VERSION = 1.0;
				PRODUCT_BUNDLE_IDENTIFIER = com.rudderstack.MetricsReporterTests;
				PRODUCT_NAME = "$(TARGET_NAME)";
				SDKROOT = iphoneos;
				SWIFT_EMIT_LOC_STRINGS = NO;
				SWIFT_VERSION = 5.0;
				TARGETED_DEVICE_FAMILY = "1,2";
			};
			name = Debug;
		};
		EDA530242A5C0B1800D58747 /* Release */ = {
			isa = XCBuildConfiguration;
			baseConfigurationReference = C667C8BCB92027EA4B3C1853 /* Pods-MetricsReporterTests.release.xcconfig */;
			buildSettings = {
				CODE_SIGN_STYLE = Automatic;
				CURRENT_PROJECT_VERSION = 1;
				DEVELOPMENT_TEAM = WPX9KRKA8B;
				GENERATE_INFOPLIST_FILE = YES;
				IPHONEOS_DEPLOYMENT_TARGET = 12.0;
				MARKETING_VERSION = 1.0;
				PRODUCT_BUNDLE_IDENTIFIER = com.rudderstack.MetricsReporterTests;
				PRODUCT_NAME = "$(TARGET_NAME)";
				SDKROOT = iphoneos;
				SWIFT_EMIT_LOC_STRINGS = NO;
				SWIFT_VERSION = 5.0;
				TARGETED_DEVICE_FAMILY = "1,2";
				VALIDATE_PRODUCT = YES;
			};
			name = Release;
		};
/* End XCBuildConfiguration section */

/* Begin XCConfigurationList section */
		ED8F18CA2A4024A300462392 /* Build configuration list for PBXProject "MetricsReporter" */ = {
			isa = XCConfigurationList;
			buildConfigurations = (
				ED8F18E02A4024A300462392 /* Debug */,
				ED8F18E12A4024A300462392 /* Release */,
			);
			defaultConfigurationIsVisible = 0;
			defaultConfigurationName = Release;
		};
		ED8F18E22A4024A300462392 /* Build configuration list for PBXNativeTarget "MetricsReporter-iOS" */ = {
			isa = XCConfigurationList;
			buildConfigurations = (
				ED8F18E32A4024A300462392 /* Debug */,
				ED8F18E42A4024A300462392 /* Release */,
			);
			defaultConfigurationIsVisible = 0;
			defaultConfigurationName = Release;
		};
		EDA530222A5C0B1800D58747 /* Build configuration list for PBXNativeTarget "MetricsReporterTests" */ = {
			isa = XCConfigurationList;
			buildConfigurations = (
				EDA530232A5C0B1800D58747 /* Debug */,
				EDA530242A5C0B1800D58747 /* Release */,
			);
			defaultConfigurationIsVisible = 0;
			defaultConfigurationName = Release;
		};
/* End XCConfigurationList section */
	};
	rootObject = ED8F18C72A4024A300462392 /* Project object */;
}
